// !$*UTF8*$!
{
	archiveVersion = 1;
	classes = {
	};
	objectVersion = 46;
	objects = {

/* Begin PBXBuildFile section */
		27E5E927185EEEF700B9E65E /* Foundation.framework in Frameworks */ = {isa = PBXBuildFile; fileRef = 27E5E926185EEEF700B9E65E /* Foundation.framework */; };
		27E5E929185EEEF700B9E65E /* CoreGraphics.framework in Frameworks */ = {isa = PBXBuildFile; fileRef = 27E5E928185EEEF700B9E65E /* CoreGraphics.framework */; };
		27E5E92B185EEEF700B9E65E /* UIKit.framework in Frameworks */ = {isa = PBXBuildFile; fileRef = 27E5E92A185EEEF700B9E65E /* UIKit.framework */; };
		27E5E931185EEEF700B9E65E /* InfoPlist.strings in Resources */ = {isa = PBXBuildFile; fileRef = 27E5E92F185EEEF700B9E65E /* InfoPlist.strings */; };
		27E5E933185EEEF700B9E65E /* main.m in Sources */ = {isa = PBXBuildFile; fileRef = 27E5E932185EEEF700B9E65E /* main.m */; };
		27E5E937185EEEF700B9E65E /* BTAppDelegate.m in Sources */ = {isa = PBXBuildFile; fileRef = 27E5E936185EEEF700B9E65E /* BTAppDelegate.m */; };
		27E5E93A185EEEF700B9E65E /* Main.storyboard in Resources */ = {isa = PBXBuildFile; fileRef = 27E5E938185EEEF700B9E65E /* Main.storyboard */; };
		27E5E93D185EEEF700B9E65E /* BTViewController.m in Sources */ = {isa = PBXBuildFile; fileRef = 27E5E93C185EEEF700B9E65E /* BTViewController.m */; };
		27E5E93F185EEEF700B9E65E /* Images.xcassets in Resources */ = {isa = PBXBuildFile; fileRef = 27E5E93E185EEEF700B9E65E /* Images.xcassets */; };
		27E5E946185EEEF700B9E65E /* XCTest.framework in Frameworks */ = {isa = PBXBuildFile; fileRef = 27E5E945185EEEF700B9E65E /* XCTest.framework */; };
		27E5E947185EEEF700B9E65E /* Foundation.framework in Frameworks */ = {isa = PBXBuildFile; fileRef = 27E5E926185EEEF700B9E65E /* Foundation.framework */; };
		27E5E948185EEEF700B9E65E /* UIKit.framework in Frameworks */ = {isa = PBXBuildFile; fileRef = 27E5E92A185EEEF700B9E65E /* UIKit.framework */; };
		27E5E950185EEEF700B9E65E /* InfoPlist.strings in Resources */ = {isa = PBXBuildFile; fileRef = 27E5E94E185EEEF700B9E65E /* InfoPlist.strings */; };
		27E5E952185EEEF700B9E65E /* WalletPhoneTests.m in Sources */ = {isa = PBXBuildFile; fileRef = 27E5E951185EEEF700B9E65E /* WalletPhoneTests.m */; };
		27E5E95D185EEF6E00B9E65E /* Wallet.m in Sources */ = {isa = PBXBuildFile; fileRef = 27E5E95C185EEF6E00B9E65E /* Wallet.m */; };
/* End PBXBuildFile section */

/* Begin PBXContainerItemProxy section */
		27E5E949185EEEF700B9E65E /* PBXContainerItemProxy */ = {
			isa = PBXContainerItemProxy;
			containerPortal = 27E5E91B185EEEF700B9E65E /* Project object */;
			proxyType = 1;
			remoteGlobalIDString = 27E5E922185EEEF700B9E65E;
			remoteInfo = WalletPhone;
		};
/* End PBXContainerItemProxy section */

/* Begin PBXFileReference section */
		27E5E923185EEEF700B9E65E /* Wallet-iPhone.app */ = {isa = PBXFileReference; explicitFileType = wrapper.application; includeInIndex = 0; path = "Wallet-iPhone.app"; sourceTree = BUILT_PRODUCTS_DIR; };
		27E5E926185EEEF700B9E65E /* Foundation.framework */ = {isa = PBXFileReference; lastKnownFileType = wrapper.framework; name = Foundation.framework; path = System/Library/Frameworks/Foundation.framework; sourceTree = SDKROOT; };
		27E5E928185EEEF700B9E65E /* CoreGraphics.framework */ = {isa = PBXFileReference; lastKnownFileType = wrapper.framework; name = CoreGraphics.framework; path = System/Library/Frameworks/CoreGraphics.framework; sourceTree = SDKROOT; };
		27E5E92A185EEEF700B9E65E /* UIKit.framework */ = {isa = PBXFileReference; lastKnownFileType = wrapper.framework; name = UIKit.framework; path = System/Library/Frameworks/UIKit.framework; sourceTree = SDKROOT; };
		27E5E92E185EEEF700B9E65E /* WalletPhone-Info.plist */ = {isa = PBXFileReference; lastKnownFileType = text.plist.xml; path = "WalletPhone-Info.plist"; sourceTree = "<group>"; };
		27E5E930185EEEF700B9E65E /* en */ = {isa = PBXFileReference; lastKnownFileType = text.plist.strings; name = en; path = en.lproj/InfoPlist.strings; sourceTree = "<group>"; };
		27E5E932185EEEF700B9E65E /* main.m */ = {isa = PBXFileReference; lastKnownFileType = sourcecode.c.objc; path = main.m; sourceTree = "<group>"; };
		27E5E934185EEEF700B9E65E /* Wallet-iPhone-Prefix.pch */ = {isa = PBXFileReference; lastKnownFileType = sourcecode.c.h; path = "Wallet-iPhone-Prefix.pch"; sourceTree = "<group>"; };
		27E5E935185EEEF700B9E65E /* BTAppDelegate.h */ = {isa = PBXFileReference; lastKnownFileType = sourcecode.c.h; path = BTAppDelegate.h; sourceTree = "<group>"; };
		27E5E936185EEEF700B9E65E /* BTAppDelegate.m */ = {isa = PBXFileReference; lastKnownFileType = sourcecode.c.objc; path = BTAppDelegate.m; sourceTree = "<group>"; };
		27E5E939185EEEF700B9E65E /* Base */ = {isa = PBXFileReference; lastKnownFileType = file.storyboard; name = Base; path = Base.lproj/Main.storyboard; sourceTree = "<group>"; };
		27E5E93B185EEEF700B9E65E /* BTViewController.h */ = {isa = PBXFileReference; lastKnownFileType = sourcecode.c.h; path = BTViewController.h; sourceTree = "<group>"; };
		27E5E93C185EEEF700B9E65E /* BTViewController.m */ = {isa = PBXFileReference; lastKnownFileType = sourcecode.c.objc; path = BTViewController.m; sourceTree = "<group>"; };
		27E5E93E185EEEF700B9E65E /* Images.xcassets */ = {isa = PBXFileReference; lastKnownFileType = folder.assetcatalog; path = Images.xcassets; sourceTree = "<group>"; };
		27E5E944185EEEF700B9E65E /* Wallet-iPhoneTests.xctest */ = {isa = PBXFileReference; explicitFileType = wrapper.cfbundle; includeInIndex = 0; path = "Wallet-iPhoneTests.xctest"; sourceTree = BUILT_PRODUCTS_DIR; };
		27E5E945185EEEF700B9E65E /* XCTest.framework */ = {isa = PBXFileReference; lastKnownFileType = wrapper.framework; name = XCTest.framework; path = Library/Frameworks/XCTest.framework; sourceTree = DEVELOPER_DIR; };
		27E5E94D185EEEF700B9E65E /* Wallet-iPhoneTests-Info.plist */ = {isa = PBXFileReference; lastKnownFileType = text.plist.xml; path = "Wallet-iPhoneTests-Info.plist"; sourceTree = "<group>"; };
		27E5E94F185EEEF700B9E65E /* en */ = {isa = PBXFileReference; lastKnownFileType = text.plist.strings; name = en; path = en.lproj/InfoPlist.strings; sourceTree = "<group>"; };
		27E5E951185EEEF700B9E65E /* WalletPhoneTests.m */ = {isa = PBXFileReference; lastKnownFileType = sourcecode.c.objc; path = WalletPhoneTests.m; sourceTree = "<group>"; };
		27E5E95B185EEF6E00B9E65E /* Wallet.h */ = {isa = PBXFileReference; fileEncoding = 4; lastKnownFileType = sourcecode.c.h; path = Wallet.h; sourceTree = "<group>"; };
		27E5E95C185EEF6E00B9E65E /* Wallet.m */ = {isa = PBXFileReference; fileEncoding = 4; lastKnownFileType = sourcecode.c.objc; path = Wallet.m; sourceTree = "<group>"; };
/* End PBXFileReference section */

/* Begin PBXFrameworksBuildPhase section */
		27E5E920185EEEF700B9E65E /* Frameworks */ = {
			isa = PBXFrameworksBuildPhase;
			buildActionMask = 2147483647;
			files = (
				27E5E929185EEEF700B9E65E /* CoreGraphics.framework in Frameworks */,
				27E5E92B185EEEF700B9E65E /* UIKit.framework in Frameworks */,
				27E5E927185EEEF700B9E65E /* Foundation.framework in Frameworks */,
			);
			runOnlyForDeploymentPostprocessing = 0;
		};
		27E5E941185EEEF700B9E65E /* Frameworks */ = {
			isa = PBXFrameworksBuildPhase;
			buildActionMask = 2147483647;
			files = (
				27E5E946185EEEF700B9E65E /* XCTest.framework in Frameworks */,
				27E5E948185EEEF700B9E65E /* UIKit.framework in Frameworks */,
				27E5E947185EEEF700B9E65E /* Foundation.framework in Frameworks */,
			);
			runOnlyForDeploymentPostprocessing = 0;
		};
/* End PBXFrameworksBuildPhase section */

/* Begin PBXGroup section */
		27E5E91A185EEEF700B9E65E = {
			isa = PBXGroup;
			children = (
				27E5E92C185EEEF700B9E65E /* WalletiPhone */,
				27E5E94B185EEEF700B9E65E /* WalletPhoneTests */,
				27E5E925185EEEF700B9E65E /* Frameworks */,
				27E5E924185EEEF700B9E65E /* Products */,
			);
			sourceTree = "<group>";
		};
		27E5E924185EEEF700B9E65E /* Products */ = {
			isa = PBXGroup;
			children = (
				27E5E923185EEEF700B9E65E /* Wallet-iPhone.app */,
				27E5E944185EEEF700B9E65E /* Wallet-iPhoneTests.xctest */,
			);
			name = Products;
			sourceTree = "<group>";
		};
		27E5E925185EEEF700B9E65E /* Frameworks */ = {
			isa = PBXGroup;
			children = (
				27E5E926185EEEF700B9E65E /* Foundation.framework */,
				27E5E928185EEEF700B9E65E /* CoreGraphics.framework */,
				27E5E92A185EEEF700B9E65E /* UIKit.framework */,
				27E5E945185EEEF700B9E65E /* XCTest.framework */,
			);
			name = Frameworks;
			sourceTree = "<group>";
		};
		27E5E92C185EEEF700B9E65E /* WalletiPhone */ = {
			isa = PBXGroup;
			children = (
				27E5E935185EEEF700B9E65E /* BTAppDelegate.h */,
				27E5E95B185EEF6E00B9E65E /* Wallet.h */,
				27E5E95C185EEF6E00B9E65E /* Wallet.m */,
				27E5E936185EEEF700B9E65E /* BTAppDelegate.m */,
				27E5E938185EEEF700B9E65E /* Main.storyboard */,
				27E5E93B185EEEF700B9E65E /* BTViewController.h */,
				27E5E93C185EEEF700B9E65E /* BTViewController.m */,
				27E5E93E185EEEF700B9E65E /* Images.xcassets */,
				27E5E92D185EEEF700B9E65E /* Supporting Files */,
			);
			path = WalletiPhone;
			sourceTree = "<group>";
		};
		27E5E92D185EEEF700B9E65E /* Supporting Files */ = {
			isa = PBXGroup;
			children = (
				27E5E92E185EEEF700B9E65E /* WalletPhone-Info.plist */,
				27E5E92F185EEEF700B9E65E /* InfoPlist.strings */,
				27E5E932185EEEF700B9E65E /* main.m */,
				27E5E934185EEEF700B9E65E /* Wallet-iPhone-Prefix.pch */,
			);
			name = "Supporting Files";
			sourceTree = "<group>";
		};
		27E5E94B185EEEF700B9E65E /* WalletPhoneTests */ = {
			isa = PBXGroup;
			children = (
				27E5E951185EEEF700B9E65E /* WalletPhoneTests.m */,
				27E5E94C185EEEF700B9E65E /* Supporting Files */,
			);
			name = WalletPhoneTests;
			path = WalletiPhoneTests;
			sourceTree = "<group>";
		};
		27E5E94C185EEEF700B9E65E /* Supporting Files */ = {
			isa = PBXGroup;
			children = (
				27E5E94D185EEEF700B9E65E /* Wallet-iPhoneTests-Info.plist */,
				27E5E94E185EEEF700B9E65E /* InfoPlist.strings */,
			);
			name = "Supporting Files";
			sourceTree = "<group>";
		};
/* End PBXGroup section */

/* Begin PBXNativeTarget section */
		27E5E922185EEEF700B9E65E /* Wallet-iPhone */ = {
			isa = PBXNativeTarget;
			buildConfigurationList = 27E5E955185EEEF700B9E65E /* Build configuration list for PBXNativeTarget "Wallet-iPhone" */;
			buildPhases = (
				27E5E91F185EEEF700B9E65E /* Sources */,
				27E5E920185EEEF700B9E65E /* Frameworks */,
				27E5E921185EEEF700B9E65E /* Resources */,
			);
			buildRules = (
			);
			dependencies = (
			);
			name = "Wallet-iPhone";
			productName = WalletPhone;
			productReference = 27E5E923185EEEF700B9E65E /* Wallet-iPhone.app */;
			productType = "com.apple.product-type.application";
		};
		27E5E943185EEEF700B9E65E /* Wallet-iPhoneTests */ = {
			isa = PBXNativeTarget;
			buildConfigurationList = 27E5E958185EEEF700B9E65E /* Build configuration list for PBXNativeTarget "Wallet-iPhoneTests" */;
			buildPhases = (
				27E5E940185EEEF700B9E65E /* Sources */,
				27E5E941185EEEF700B9E65E /* Frameworks */,
				27E5E942185EEEF700B9E65E /* Resources */,
			);
			buildRules = (
			);
			dependencies = (
				27E5E94A185EEEF700B9E65E /* PBXTargetDependency */,
			);
			name = "Wallet-iPhoneTests";
			productName = WalletPhoneTests;
			productReference = 27E5E944185EEEF700B9E65E /* Wallet-iPhoneTests.xctest */;
			productType = "com.apple.product-type.bundle.unit-test";
		};
/* End PBXNativeTarget section */

/* Begin PBXProject section */
		27E5E91B185EEEF700B9E65E /* Project object */ = {
			isa = PBXProject;
			attributes = {
				CLASSPREFIX = BT;
				LastUpgradeCheck = 0500;
				ORGANIZATIONNAME = "Vishnu Prem";
				TargetAttributes = {
					27E5E943185EEEF700B9E65E = {
						TestTargetID = 27E5E922185EEEF700B9E65E;
					};
				};
			};
			buildConfigurationList = 27E5E91E185EEEF700B9E65E /* Build configuration list for PBXProject "Wallet-iPhone" */;
			compatibilityVersion = "Xcode 3.2";
			developmentRegion = English;
			hasScannedForEncodings = 0;
			knownRegions = (
				en,
				Base,
			);
			mainGroup = 27E5E91A185EEEF700B9E65E;
			productRefGroup = 27E5E924185EEEF700B9E65E /* Products */;
			projectDirPath = "";
			projectRoot = "";
			targets = (
				27E5E922185EEEF700B9E65E /* Wallet-iPhone */,
				27E5E943185EEEF700B9E65E /* Wallet-iPhoneTests */,
			);
		};
/* End PBXProject section */

/* Begin PBXResourcesBuildPhase section */
		27E5E921185EEEF700B9E65E /* Resources */ = {
			isa = PBXResourcesBuildPhase;
			buildActionMask = 2147483647;
			files = (
				27E5E93F185EEEF700B9E65E /* Images.xcassets in Resources */,
				27E5E931185EEEF700B9E65E /* InfoPlist.strings in Resources */,
				27E5E93A185EEEF700B9E65E /* Main.storyboard in Resources */,
			);
			runOnlyForDeploymentPostprocessing = 0;
		};
		27E5E942185EEEF700B9E65E /* Resources */ = {
			isa = PBXResourcesBuildPhase;
			buildActionMask = 2147483647;
			files = (
				27E5E950185EEEF700B9E65E /* InfoPlist.strings in Resources */,
			);
			runOnlyForDeploymentPostprocessing = 0;
		};
/* End PBXResourcesBuildPhase section */

/* Begin PBXSourcesBuildPhase section */
		27E5E91F185EEEF700B9E65E /* Sources */ = {
			isa = PBXSourcesBuildPhase;
			buildActionMask = 2147483647;
			files = (
				27E5E95D185EEF6E00B9E65E /* Wallet.m in Sources */,
				27E5E93D185EEEF700B9E65E /* BTViewController.m in Sources */,
				27E5E937185EEEF700B9E65E /* BTAppDelegate.m in Sources */,
				27E5E933185EEEF700B9E65E /* main.m in Sources */,
			);
			runOnlyForDeploymentPostprocessing = 0;
		};
		27E5E940185EEEF700B9E65E /* Sources */ = {
			isa = PBXSourcesBuildPhase;
			buildActionMask = 2147483647;
			files = (
				27E5E952185EEEF700B9E65E /* WalletPhoneTests.m in Sources */,
			);
			runOnlyForDeploymentPostprocessing = 0;
		};
/* End PBXSourcesBuildPhase section */

/* Begin PBXTargetDependency section */
		27E5E94A185EEEF700B9E65E /* PBXTargetDependency */ = {
			isa = PBXTargetDependency;
			target = 27E5E922185EEEF700B9E65E /* Wallet-iPhone */;
			targetProxy = 27E5E949185EEEF700B9E65E /* PBXContainerItemProxy */;
		};
/* End PBXTargetDependency section */

/* Begin PBXVariantGroup section */
		27E5E92F185EEEF700B9E65E /* InfoPlist.strings */ = {
			isa = PBXVariantGroup;
			children = (
				27E5E930185EEEF700B9E65E /* en */,
			);
			name = InfoPlist.strings;
			sourceTree = "<group>";
		};
		27E5E938185EEEF700B9E65E /* Main.storyboard */ = {
			isa = PBXVariantGroup;
			children = (
				27E5E939185EEEF700B9E65E /* Base */,
			);
			name = Main.storyboard;
			sourceTree = "<group>";
		};
		27E5E94E185EEEF700B9E65E /* InfoPlist.strings */ = {
			isa = PBXVariantGroup;
			children = (
				27E5E94F185EEEF700B9E65E /* en */,
			);
			name = InfoPlist.strings;
			sourceTree = "<group>";
		};
/* End PBXVariantGroup section */

/* Begin XCBuildConfiguration section */
		27E5E953185EEEF700B9E65E /* Debug */ = {
			isa = XCBuildConfiguration;
			buildSettings = {
				ALWAYS_SEARCH_USER_PATHS = NO;
				ARCHS = "$(ARCHS_STANDARD_INCLUDING_64_BIT)";
				CLANG_CXX_LANGUAGE_STANDARD = "gnu++0x";
				CLANG_CXX_LIBRARY = "libc++";
				CLANG_ENABLE_MODULES = YES;
				CLANG_ENABLE_OBJC_ARC = YES;
				CLANG_WARN_BOOL_CONVERSION = YES;
				CLANG_WARN_CONSTANT_CONVERSION = YES;
				CLANG_WARN_DIRECT_OBJC_ISA_USAGE = YES_ERROR;
				CLANG_WARN_EMPTY_BODY = YES;
				CLANG_WARN_ENUM_CONVERSION = YES;
				CLANG_WARN_INT_CONVERSION = YES;
				CLANG_WARN_OBJC_ROOT_CLASS = YES_ERROR;
				CLANG_WARN__DUPLICATE_METHOD_MATCH = YES;
				"CODE_SIGN_IDENTITY[sdk=iphoneos*]" = "iPhone Developer";
				COPY_PHASE_STRIP = NO;
				GCC_C_LANGUAGE_STANDARD = gnu99;
				GCC_DYNAMIC_NO_PIC = NO;
				GCC_OPTIMIZATION_LEVEL = 0;
				GCC_PREPROCESSOR_DEFINITIONS = (
					"DEBUG=1",
					"$(inherited)",
				);
				GCC_SYMBOLS_PRIVATE_EXTERN = NO;
				GCC_WARN_64_TO_32_BIT_CONVERSION = YES;
				GCC_WARN_ABOUT_RETURN_TYPE = YES_ERROR;
				GCC_WARN_UNDECLARED_SELECTOR = YES;
				GCC_WARN_UNINITIALIZED_AUTOS = YES;
				GCC_WARN_UNUSED_FUNCTION = YES;
				GCC_WARN_UNUSED_VARIABLE = YES;
				IPHONEOS_DEPLOYMENT_TARGET = 7.0;
				ONLY_ACTIVE_ARCH = YES;
				SDKROOT = iphoneos;
			};
			name = Debug;
		};
		27E5E954185EEEF700B9E65E /* Release */ = {
			isa = XCBuildConfiguration;
			buildSettings = {
				ALWAYS_SEARCH_USER_PATHS = NO;
				ARCHS = "$(ARCHS_STANDARD_INCLUDING_64_BIT)";
				CLANG_CXX_LANGUAGE_STANDARD = "gnu++0x";
				CLANG_CXX_LIBRARY = "libc++";
				CLANG_ENABLE_MODULES = YES;
				CLANG_ENABLE_OBJC_ARC = YES;
				CLANG_WARN_BOOL_CONVERSION = YES;
				CLANG_WARN_CONSTANT_CONVERSION = YES;
				CLANG_WARN_DIRECT_OBJC_ISA_USAGE = YES_ERROR;
				CLANG_WARN_EMPTY_BODY = YES;
				CLANG_WARN_ENUM_CONVERSION = YES;
				CLANG_WARN_INT_CONVERSION = YES;
				CLANG_WARN_OBJC_ROOT_CLASS = YES_ERROR;
				CLANG_WARN__DUPLICATE_METHOD_MATCH = YES;
				"CODE_SIGN_IDENTITY[sdk=iphoneos*]" = "iPhone Developer";
				COPY_PHASE_STRIP = YES;
				ENABLE_NS_ASSERTIONS = NO;
				GCC_C_LANGUAGE_STANDARD = gnu99;
				GCC_WARN_64_TO_32_BIT_CONVERSION = YES;
				GCC_WARN_ABOUT_RETURN_TYPE = YES_ERROR;
				GCC_WARN_UNDECLARED_SELECTOR = YES;
				GCC_WARN_UNINITIALIZED_AUTOS = YES;
				GCC_WARN_UNUSED_FUNCTION = YES;
				GCC_WARN_UNUSED_VARIABLE = YES;
				IPHONEOS_DEPLOYMENT_TARGET = 7.0;
				SDKROOT = iphoneos;
				VALIDATE_PRODUCT = YES;
			};
			name = Release;
		};
		27E5E956185EEEF700B9E65E /* Debug */ = {
			isa = XCBuildConfiguration;
			buildSettings = {
				ASSETCATALOG_COMPILER_APPICON_NAME = AppIcon;
				ASSETCATALOG_COMPILER_LAUNCHIMAGE_NAME = LaunchImage;
				GCC_PRECOMPILE_PREFIX_HEADER = YES;
				GCC_PREFIX_HEADER = "WalletiPhone/Wallet-iPhone-Prefix.pch";
				INFOPLIST_FILE = "WalletiPhone/Wallet-iPhone-Info.plist";
				PRODUCT_NAME = "Wallet-iPhone";
				WRAPPER_EXTENSION = app;
			};
			name = Debug;
		};
		27E5E957185EEEF700B9E65E /* Release */ = {
			isa = XCBuildConfiguration;
			buildSettings = {
				ASSETCATALOG_COMPILER_APPICON_NAME = AppIcon;
				ASSETCATALOG_COMPILER_LAUNCHIMAGE_NAME = LaunchImage;
				GCC_PRECOMPILE_PREFIX_HEADER = YES;
				GCC_PREFIX_HEADER = "WalletiPhone/Wallet-iPhone-Prefix.pch";
				INFOPLIST_FILE = "WalletiPhone/Wallet-iPhone-Info.plist";
				PRODUCT_NAME = "Wallet-iPhone";
				WRAPPER_EXTENSION = app;
			};
			name = Release;
		};
		27E5E959185EEEF700B9E65E /* Debug */ = {
			isa = XCBuildConfiguration;
			buildSettings = {
				ARCHS = "$(ARCHS_STANDARD_INCLUDING_64_BIT)";
				BUNDLE_LOADER = "$(BUILT_PRODUCTS_DIR)/WalletPhone.app/WalletPhone";
				FRAMEWORK_SEARCH_PATHS = (
					"$(SDKROOT)/Developer/Library/Frameworks",
					"$(inherited)",
					"$(DEVELOPER_FRAMEWORKS_DIR)",
				);
				GCC_PRECOMPILE_PREFIX_HEADER = YES;
				GCC_PREFIX_HEADER = "WalletPhone/WalletPhone-Prefix.pch";
				GCC_PREPROCESSOR_DEFINITIONS = (
					"DEBUG=1",
					"$(inherited)",
				);
				INFOPLIST_FILE = "WalletPhoneTests/Wallet-iPhoneTests-Info.plist";
				PRODUCT_NAME = "Wallet-iPhoneTests";
				TEST_HOST = "$(BUNDLE_LOADER)";
				WRAPPER_EXTENSION = xctest;
			};
			name = Debug;
		};
		27E5E95A185EEEF700B9E65E /* Release */ = {
			isa = XCBuildConfiguration;
			buildSettings = {
				ARCHS = "$(ARCHS_STANDARD_INCLUDING_64_BIT)";
				BUNDLE_LOADER = "$(BUILT_PRODUCTS_DIR)/WalletPhone.app/WalletPhone";
				FRAMEWORK_SEARCH_PATHS = (
					"$(SDKROOT)/Developer/Library/Frameworks",
					"$(inherited)",
					"$(DEVELOPER_FRAMEWORKS_DIR)",
				);
				GCC_PRECOMPILE_PREFIX_HEADER = YES;
				GCC_PREFIX_HEADER = "WalletPhone/WalletPhone-Prefix.pch";
				INFOPLIST_FILE = "WalletPhoneTests/Wallet-iPhoneTests-Info.plist";
				PRODUCT_NAME = "Wallet-iPhoneTests";
				TEST_HOST = "$(BUNDLE_LOADER)";
				WRAPPER_EXTENSION = xctest;
			};
			name = Release;
		};
/* End XCBuildConfiguration section */

/* Begin XCConfigurationList section */
		27E5E91E185EEEF700B9E65E /* Build configuration list for PBXProject "Wallet-iPhone" */ = {
			isa = XCConfigurationList;
			buildConfigurations = (
				27E5E953185EEEF700B9E65E /* Debug */,
				27E5E954185EEEF700B9E65E /* Release */,
			);
			defaultConfigurationIsVisible = 0;
			defaultConfigurationName = Release;
		};
		27E5E955185EEEF700B9E65E /* Build configuration list for PBXNativeTarget "Wallet-iPhone" */ = {
			isa = XCConfigurationList;
			buildConfigurations = (
				27E5E956185EEEF700B9E65E /* Debug */,
				27E5E957185EEEF700B9E65E /* Release */,
			);
			defaultConfigurationIsVisible = 0;
			defaultConfigurationName = Release;
		};
		27E5E958185EEEF700B9E65E /* Build configuration list for PBXNativeTarget "Wallet-iPhoneTests" */ = {
			isa = XCConfigurationList;
			buildConfigurations = (
				27E5E959185EEEF700B9E65E /* Debug */,
				27E5E95A185EEEF700B9E65E /* Release */,
			);
			defaultConfigurationIsVisible = 0;
			defaultConfigurationName = Release;
		};
/* End XCConfigurationList section */
	};
	rootObject = 27E5E91B185EEEF700B9E65E /* Project object */;
}
