// !$*UTF8*$!
{
	archiveVersion = 1;
	classes = {
	};
	objectVersion = 46;
	objects = {

/* Begin PBXBuildFile section */
		27C80B8718618339002C3553 /* Foundation.framework in Frameworks */ = {isa = PBXBuildFile; fileRef = 27C80B8618618339002C3553 /* Foundation.framework */; };
		27C80B8918618339002C3553 /* CoreGraphics.framework in Frameworks */ = {isa = PBXBuildFile; fileRef = 27C80B8818618339002C3553 /* CoreGraphics.framework */; };
		27C80B8B18618339002C3553 /* UIKit.framework in Frameworks */ = {isa = PBXBuildFile; fileRef = 27C80B8A18618339002C3553 /* UIKit.framework */; };
		27C80B9118618339002C3553 /* InfoPlist.strings in Resources */ = {isa = PBXBuildFile; fileRef = 27C80B8F18618339002C3553 /* InfoPlist.strings */; };
		27C80B9318618339002C3553 /* main.m in Sources */ = {isa = PBXBuildFile; fileRef = 27C80B9218618339002C3553 /* main.m */; };
		27C80B9718618339002C3553 /* AppDelegate.m in Sources */ = {isa = PBXBuildFile; fileRef = 27C80B9618618339002C3553 /* AppDelegate.m */; };
		27C80B9A18618339002C3553 /* Main.storyboard in Resources */ = {isa = PBXBuildFile; fileRef = 27C80B9818618339002C3553 /* Main.storyboard */; };
		27C80B9D18618339002C3553 /* ViewController.m in Sources */ = {isa = PBXBuildFile; fileRef = 27C80B9C18618339002C3553 /* ViewController.m */; };
		27C80B9F18618339002C3553 /* Images.xcassets in Resources */ = {isa = PBXBuildFile; fileRef = 27C80B9E18618339002C3553 /* Images.xcassets */; };
		27C80BA618618339002C3553 /* XCTest.framework in Frameworks */ = {isa = PBXBuildFile; fileRef = 27C80BA518618339002C3553 /* XCTest.framework */; };
		27C80BA718618339002C3553 /* Foundation.framework in Frameworks */ = {isa = PBXBuildFile; fileRef = 27C80B8618618339002C3553 /* Foundation.framework */; };
		27C80BA818618339002C3553 /* UIKit.framework in Frameworks */ = {isa = PBXBuildFile; fileRef = 27C80B8A18618339002C3553 /* UIKit.framework */; };
		27C80BB018618339002C3553 /* InfoPlist.strings in Resources */ = {isa = PBXBuildFile; fileRef = 27C80BAE18618339002C3553 /* InfoPlist.strings */; };
		27C80BB218618339002C3553 /* GesturesTestTests.m in Sources */ = {isa = PBXBuildFile; fileRef = 27C80BB118618339002C3553 /* GesturesTestTests.m */; };
/* End PBXBuildFile section */

/* Begin PBXContainerItemProxy section */
		27C80BA918618339002C3553 /* PBXContainerItemProxy */ = {
			isa = PBXContainerItemProxy;
			containerPortal = 27C80B7B18618339002C3553 /* Project object */;
			proxyType = 1;
			remoteGlobalIDString = 27C80B8218618339002C3553;
			remoteInfo = GesturesTest;
		};
/* End PBXContainerItemProxy section */

/* Begin PBXFileReference section */
		27C80B8318618339002C3553 /* GesturesTest.app */ = {isa = PBXFileReference; explicitFileType = wrapper.application; includeInIndex = 0; path = GesturesTest.app; sourceTree = BUILT_PRODUCTS_DIR; };
		27C80B8618618339002C3553 /* Foundation.framework */ = {isa = PBXFileReference; lastKnownFileType = wrapper.framework; name = Foundation.framework; path = System/Library/Frameworks/Foundation.framework; sourceTree = SDKROOT; };
		27C80B8818618339002C3553 /* CoreGraphics.framework */ = {isa = PBXFileReference; lastKnownFileType = wrapper.framework; name = CoreGraphics.framework; path = System/Library/Frameworks/CoreGraphics.framework; sourceTree = SDKROOT; };
		27C80B8A18618339002C3553 /* UIKit.framework */ = {isa = PBXFileReference; lastKnownFileType = wrapper.framework; name = UIKit.framework; path = System/Library/Frameworks/UIKit.framework; sourceTree = SDKROOT; };
		27C80B8E18618339002C3553 /* GesturesTest-Info.plist */ = {isa = PBXFileReference; lastKnownFileType = text.plist.xml; path = "GesturesTest-Info.plist"; sourceTree = "<group>"; };
		27C80B9018618339002C3553 /* en */ = {isa = PBXFileReference; lastKnownFileType = text.plist.strings; name = en; path = en.lproj/InfoPlist.strings; sourceTree = "<group>"; };
		27C80B9218618339002C3553 /* main.m */ = {isa = PBXFileReference; lastKnownFileType = sourcecode.c.objc; path = main.m; sourceTree = "<group>"; };
		27C80B9418618339002C3553 /* GesturesTest-Prefix.pch */ = {isa = PBXFileReference; lastKnownFileType = sourcecode.c.h; path = "GesturesTest-Prefix.pch"; sourceTree = "<group>"; };
		27C80B9518618339002C3553 /* AppDelegate.h */ = {isa = PBXFileReference; lastKnownFileType = sourcecode.c.h; path = AppDelegate.h; sourceTree = "<group>"; };
		27C80B9618618339002C3553 /* AppDelegate.m */ = {isa = PBXFileReference; lastKnownFileType = sourcecode.c.objc; path = AppDelegate.m; sourceTree = "<group>"; };
		27C80B9918618339002C3553 /* Base */ = {isa = PBXFileReference; lastKnownFileType = file.storyboard; name = Base; path = Base.lproj/Main.storyboard; sourceTree = "<group>"; };
		27C80B9B18618339002C3553 /* ViewController.h */ = {isa = PBXFileReference; lastKnownFileType = sourcecode.c.h; path = ViewController.h; sourceTree = "<group>"; };
		27C80B9C18618339002C3553 /* ViewController.m */ = {isa = PBXFileReference; lastKnownFileType = sourcecode.c.objc; path = ViewController.m; sourceTree = "<group>"; };
		27C80B9E18618339002C3553 /* Images.xcassets */ = {isa = PBXFileReference; lastKnownFileType = folder.assetcatalog; path = Images.xcassets; sourceTree = "<group>"; };
		27C80BA418618339002C3553 /* GesturesTestTests.xctest */ = {isa = PBXFileReference; explicitFileType = wrapper.cfbundle; includeInIndex = 0; path = GesturesTestTests.xctest; sourceTree = BUILT_PRODUCTS_DIR; };
		27C80BA518618339002C3553 /* XCTest.framework */ = {isa = PBXFileReference; lastKnownFileType = wrapper.framework; name = XCTest.framework; path = Library/Frameworks/XCTest.framework; sourceTree = DEVELOPER_DIR; };
		27C80BAD18618339002C3553 /* GesturesTestTests-Info.plist */ = {isa = PBXFileReference; lastKnownFileType = text.plist.xml; path = "GesturesTestTests-Info.plist"; sourceTree = "<group>"; };
		27C80BAF18618339002C3553 /* en */ = {isa = PBXFileReference; lastKnownFileType = text.plist.strings; name = en; path = en.lproj/InfoPlist.strings; sourceTree = "<group>"; };
		27C80BB118618339002C3553 /* GesturesTestTests.m */ = {isa = PBXFileReference; lastKnownFileType = sourcecode.c.objc; path = GesturesTestTests.m; sourceTree = "<group>"; };
/* End PBXFileReference section */

/* Begin PBXFrameworksBuildPhase section */
		27C80B8018618339002C3553 /* Frameworks */ = {
			isa = PBXFrameworksBuildPhase;
			buildActionMask = 2147483647;
			files = (
				27C80B8918618339002C3553 /* CoreGraphics.framework in Frameworks */,
				27C80B8B18618339002C3553 /* UIKit.framework in Frameworks */,
				27C80B8718618339002C3553 /* Foundation.framework in Frameworks */,
			);
			runOnlyForDeploymentPostprocessing = 0;
		};
		27C80BA118618339002C3553 /* Frameworks */ = {
			isa = PBXFrameworksBuildPhase;
			buildActionMask = 2147483647;
			files = (
				27C80BA618618339002C3553 /* XCTest.framework in Frameworks */,
				27C80BA818618339002C3553 /* UIKit.framework in Frameworks */,
				27C80BA718618339002C3553 /* Foundation.framework in Frameworks */,
			);
			runOnlyForDeploymentPostprocessing = 0;
		};
/* End PBXFrameworksBuildPhase section */

/* Begin PBXGroup section */
		27C80B7A18618339002C3553 = {
			isa = PBXGroup;
			children = (
				27C80B8C18618339002C3553 /* GesturesTest */,
				27C80BAB18618339002C3553 /* GesturesTestTests */,
				27C80B8518618339002C3553 /* Frameworks */,
				27C80B8418618339002C3553 /* Products */,
			);
			sourceTree = "<group>";
		};
		27C80B8418618339002C3553 /* Products */ = {
			isa = PBXGroup;
			children = (
				27C80B8318618339002C3553 /* GesturesTest.app */,
				27C80BA418618339002C3553 /* GesturesTestTests.xctest */,
			);
			name = Products;
			sourceTree = "<group>";
		};
		27C80B8518618339002C3553 /* Frameworks */ = {
			isa = PBXGroup;
			children = (
				27C80B8618618339002C3553 /* Foundation.framework */,
				27C80B8818618339002C3553 /* CoreGraphics.framework */,
				27C80B8A18618339002C3553 /* UIKit.framework */,
				27C80BA518618339002C3553 /* XCTest.framework */,
			);
			name = Frameworks;
			sourceTree = "<group>";
		};
		27C80B8C18618339002C3553 /* GesturesTest */ = {
			isa = PBXGroup;
			children = (
				27C80B9518618339002C3553 /* AppDelegate.h */,
				27C80B9618618339002C3553 /* AppDelegate.m */,
				27C80B9818618339002C3553 /* Main.storyboard */,
				27C80B9B18618339002C3553 /* ViewController.h */,
				27C80B9C18618339002C3553 /* ViewController.m */,
				27C80B9E18618339002C3553 /* Images.xcassets */,
				27C80B8D18618339002C3553 /* Supporting Files */,
			);
			path = GesturesTest;
			sourceTree = "<group>";
		};
		27C80B8D18618339002C3553 /* Supporting Files */ = {
			isa = PBXGroup;
			children = (
				27C80B8E18618339002C3553 /* GesturesTest-Info.plist */,
				27C80B8F18618339002C3553 /* InfoPlist.strings */,
				27C80B9218618339002C3553 /* main.m */,
				27C80B9418618339002C3553 /* GesturesTest-Prefix.pch */,
			);
			name = "Supporting Files";
			sourceTree = "<group>";
		};
		27C80BAB18618339002C3553 /* GesturesTestTests */ = {
			isa = PBXGroup;
			children = (
				27C80BB118618339002C3553 /* GesturesTestTests.m */,
				27C80BAC18618339002C3553 /* Supporting Files */,
			);
			path = GesturesTestTests;
			sourceTree = "<group>";
		};
		27C80BAC18618339002C3553 /* Supporting Files */ = {
			isa = PBXGroup;
			children = (
				27C80BAD18618339002C3553 /* GesturesTestTests-Info.plist */,
				27C80BAE18618339002C3553 /* InfoPlist.strings */,
			);
			name = "Supporting Files";
			sourceTree = "<group>";
		};
/* End PBXGroup section */

/* Begin PBXNativeTarget section */
		27C80B8218618339002C3553 /* GesturesTest */ = {
			isa = PBXNativeTarget;
			buildConfigurationList = 27C80BB518618339002C3553 /* Build configuration list for PBXNativeTarget "GesturesTest" */;
			buildPhases = (
				27C80B7F18618339002C3553 /* Sources */,
				27C80B8018618339002C3553 /* Frameworks */,
				27C80B8118618339002C3553 /* Resources */,
			);
			buildRules = (
			);
			dependencies = (
			);
			name = GesturesTest;
			productName = GesturesTest;
			productReference = 27C80B8318618339002C3553 /* GesturesTest.app */;
			productType = "com.apple.product-type.application";
		};
		27C80BA318618339002C3553 /* GesturesTestTests */ = {
			isa = PBXNativeTarget;
			buildConfigurationList = 27C80BB818618339002C3553 /* Build configuration list for PBXNativeTarget "GesturesTestTests" */;
			buildPhases = (
				27C80BA018618339002C3553 /* Sources */,
				27C80BA118618339002C3553 /* Frameworks */,
				27C80BA218618339002C3553 /* Resources */,
			);
			buildRules = (
			);
			dependencies = (
				27C80BAA18618339002C3553 /* PBXTargetDependency */,
			);
			name = GesturesTestTests;
			productName = GesturesTestTests;
			productReference = 27C80BA418618339002C3553 /* GesturesTestTests.xctest */;
			productType = "com.apple.product-type.bundle.unit-test";
		};
/* End PBXNativeTarget section */

/* Begin PBXProject section */
		27C80B7B18618339002C3553 /* Project object */ = {
			isa = PBXProject;
			attributes = {
				LastUpgradeCheck = 0500;
				ORGANIZATIONNAME = "Vishnu Prem";
				TargetAttributes = {
					27C80BA318618339002C3553 = {
						TestTargetID = 27C80B8218618339002C3553;
					};
				};
			};
			buildConfigurationList = 27C80B7E18618339002C3553 /* Build configuration list for PBXProject "GesturesTest" */;
			compatibilityVersion = "Xcode 3.2";
			developmentRegion = English;
			hasScannedForEncodings = 0;
			knownRegions = (
				en,
				Base,
			);
			mainGroup = 27C80B7A18618339002C3553;
			productRefGroup = 27C80B8418618339002C3553 /* Products */;
			projectDirPath = "";
			projectRoot = "";
			targets = (
				27C80B8218618339002C3553 /* GesturesTest */,
				27C80BA318618339002C3553 /* GesturesTestTests */,
			);
		};
/* End PBXProject section */

/* Begin PBXResourcesBuildPhase section */
		27C80B8118618339002C3553 /* Resources */ = {
			isa = PBXResourcesBuildPhase;
			buildActionMask = 2147483647;
			files = (
				27C80B9F18618339002C3553 /* Images.xcassets in Resources */,
				27C80B9118618339002C3553 /* InfoPlist.strings in Resources */,
				27C80B9A18618339002C3553 /* Main.storyboard in Resources */,
			);
			runOnlyForDeploymentPostprocessing = 0;
		};
		27C80BA218618339002C3553 /* Resources */ = {
			isa = PBXResourcesBuildPhase;
			buildActionMask = 2147483647;
			files = (
				27C80BB018618339002C3553 /* InfoPlist.strings in Resources */,
			);
			runOnlyForDeploymentPostprocessing = 0;
		};
/* End PBXResourcesBuildPhase section */

/* Begin PBXSourcesBuildPhase section */
		27C80B7F18618339002C3553 /* Sources */ = {
			isa = PBXSourcesBuildPhase;
			buildActionMask = 2147483647;
			files = (
				27C80B9D18618339002C3553 /* ViewController.m in Sources */,
				27C80B9718618339002C3553 /* AppDelegate.m in Sources */,
				27C80B9318618339002C3553 /* main.m in Sources */,
			);
			runOnlyForDeploymentPostprocessing = 0;
		};
		27C80BA018618339002C3553 /* Sources */ = {
			isa = PBXSourcesBuildPhase;
			buildActionMask = 2147483647;
			files = (
				27C80BB218618339002C3553 /* GesturesTestTests.m in Sources */,
			);
			runOnlyForDeploymentPostprocessing = 0;
		};
/* End PBXSourcesBuildPhase section */

/* Begin PBXTargetDependency section */
		27C80BAA18618339002C3553 /* PBXTargetDependency */ = {
			isa = PBXTargetDependency;
			target = 27C80B8218618339002C3553 /* GesturesTest */;
			targetProxy = 27C80BA918618339002C3553 /* PBXContainerItemProxy */;
		};
/* End PBXTargetDependency section */

/* Begin PBXVariantGroup section */
		27C80B8F18618339002C3553 /* InfoPlist.strings */ = {
			isa = PBXVariantGroup;
			children = (
				27C80B9018618339002C3553 /* en */,
			);
			name = InfoPlist.strings;
			sourceTree = "<group>";
		};
		27C80B9818618339002C3553 /* Main.storyboard */ = {
			isa = PBXVariantGroup;
			children = (
				27C80B9918618339002C3553 /* Base */,
			);
			name = Main.storyboard;
			sourceTree = "<group>";
		};
		27C80BAE18618339002C3553 /* InfoPlist.strings */ = {
			isa = PBXVariantGroup;
			children = (
				27C80BAF18618339002C3553 /* en */,
			);
			name = InfoPlist.strings;
			sourceTree = "<group>";
		};
/* End PBXVariantGroup section */

/* Begin XCBuildConfiguration section */
		27C80BB318618339002C3553 /* Debug */ = {
			isa = XCBuildConfiguration;
			buildSettings = {
				ALWAYS_SEARCH_USER_PATHS = NO;
				ARCHS = "$(ARCHS_STANDARD_INCLUDING_64_BIT)";
				CLANG_CXX_LANGUAGE_STANDARD = "gnu++0x";
				CLANG_CXX_LIBRARY = "libc++";
				CLANG_ENABLE_MODULES = YES;
				CLANG_ENABLE_OBJC_ARC = YES;
				CLANG_WARN_BOOL_CONVERSION = YES;
				CLANG_WARN_CONSTANT_CONVERSION = YES;
				CLANG_WARN_DIRECT_OBJC_ISA_USAGE = YES_ERROR;
				CLANG_WARN_EMPTY_BODY = YES;
				CLANG_WARN_ENUM_CONVERSION = YES;
				CLANG_WARN_INT_CONVERSION = YES;
				CLANG_WARN_OBJC_ROOT_CLASS = YES_ERROR;
				CLANG_WARN__DUPLICATE_METHOD_MATCH = YES;
				"CODE_SIGN_IDENTITY[sdk=iphoneos*]" = "iPhone Developer";
				COPY_PHASE_STRIP = NO;
				GCC_C_LANGUAGE_STANDARD = gnu99;
				GCC_DYNAMIC_NO_PIC = NO;
				GCC_OPTIMIZATION_LEVEL = 0;
				GCC_PREPROCESSOR_DEFINITIONS = (
					"DEBUG=1",
					"$(inherited)",
				);
				GCC_SYMBOLS_PRIVATE_EXTERN = NO;
				GCC_WARN_64_TO_32_BIT_CONVERSION = YES;
				GCC_WARN_ABOUT_RETURN_TYPE = YES_ERROR;
				GCC_WARN_UNDECLARED_SELECTOR = YES;
				GCC_WARN_UNINITIALIZED_AUTOS = YES;
				GCC_WARN_UNUSED_FUNCTION = YES;
				GCC_WARN_UNUSED_VARIABLE = YES;
				IPHONEOS_DEPLOYMENT_TARGET = 7.0;
				ONLY_ACTIVE_ARCH = YES;
				SDKROOT = iphoneos;
			};
			name = Debug;
		};
		27C80BB418618339002C3553 /* Release */ = {
			isa = XCBuildConfiguration;
			buildSettings = {
				ALWAYS_SEARCH_USER_PATHS = NO;
				ARCHS = "$(ARCHS_STANDARD_INCLUDING_64_BIT)";
				CLANG_CXX_LANGUAGE_STANDARD = "gnu++0x";
				CLANG_CXX_LIBRARY = "libc++";
				CLANG_ENABLE_MODULES = YES;
				CLANG_ENABLE_OBJC_ARC = YES;
				CLANG_WARN_BOOL_CONVERSION = YES;
				CLANG_WARN_CONSTANT_CONVERSION = YES;
				CLANG_WARN_DIRECT_OBJC_ISA_USAGE = YES_ERROR;
				CLANG_WARN_EMPTY_BODY = YES;
				CLANG_WARN_ENUM_CONVERSION = YES;
				CLANG_WARN_INT_CONVERSION = YES;
				CLANG_WARN_OBJC_ROOT_CLASS = YES_ERROR;
				CLANG_WARN__DUPLICATE_METHOD_MATCH = YES;
				"CODE_SIGN_IDENTITY[sdk=iphoneos*]" = "iPhone Developer";
				COPY_PHASE_STRIP = YES;
				ENABLE_NS_ASSERTIONS = NO;
				GCC_C_LANGUAGE_STANDARD = gnu99;
				GCC_WARN_64_TO_32_BIT_CONVERSION = YES;
				GCC_WARN_ABOUT_RETURN_TYPE = YES_ERROR;
				GCC_WARN_UNDECLARED_SELECTOR = YES;
				GCC_WARN_UNINITIALIZED_AUTOS = YES;
				GCC_WARN_UNUSED_FUNCTION = YES;
				GCC_WARN_UNUSED_VARIABLE = YES;
				IPHONEOS_DEPLOYMENT_TARGET = 7.0;
				SDKROOT = iphoneos;
				VALIDATE_PRODUCT = YES;
			};
			name = Release;
		};
		27C80BB618618339002C3553 /* Debug */ = {
			isa = XCBuildConfiguration;
			buildSettings = {
				ASSETCATALOG_COMPILER_APPICON_NAME = AppIcon;
				ASSETCATALOG_COMPILER_LAUNCHIMAGE_NAME = LaunchImage;
				GCC_PRECOMPILE_PREFIX_HEADER = YES;
				GCC_PREFIX_HEADER = "GesturesTest/GesturesTest-Prefix.pch";
				INFOPLIST_FILE = "GesturesTest/GesturesTest-Info.plist";
				PRODUCT_NAME = "$(TARGET_NAME)";
				WRAPPER_EXTENSION = app;
			};
			name = Debug;
		};
		27C80BB718618339002C3553 /* Release */ = {
			isa = XCBuildConfiguration;
			buildSettings = {
				ASSETCATALOG_COMPILER_APPICON_NAME = AppIcon;
				ASSETCATALOG_COMPILER_LAUNCHIMAGE_NAME = LaunchImage;
				GCC_PRECOMPILE_PREFIX_HEADER = YES;
				GCC_PREFIX_HEADER = "GesturesTest/GesturesTest-Prefix.pch";
				INFOPLIST_FILE = "GesturesTest/GesturesTest-Info.plist";
				PRODUCT_NAME = "$(TARGET_NAME)";
				WRAPPER_EXTENSION = app;
			};
			name = Release;
		};
		27C80BB918618339002C3553 /* Debug */ = {
			isa = XCBuildConfiguration;
			buildSettings = {
				ARCHS = "$(ARCHS_STANDARD_INCLUDING_64_BIT)";
				BUNDLE_LOADER = "$(BUILT_PRODUCTS_DIR)/GesturesTest.app/GesturesTest";
				FRAMEWORK_SEARCH_PATHS = (
					"$(SDKROOT)/Developer/Library/Frameworks",
					"$(inherited)",
					"$(DEVELOPER_FRAMEWORKS_DIR)",
				);
				GCC_PRECOMPILE_PREFIX_HEADER = YES;
				GCC_PREFIX_HEADER = "GesturesTest/GesturesTest-Prefix.pch";
				GCC_PREPROCESSOR_DEFINITIONS = (
					"DEBUG=1",
					"$(inherited)",
				);
				INFOPLIST_FILE = "GesturesTestTests/GesturesTestTests-Info.plist";
				PRODUCT_NAME = "$(TARGET_NAME)";
				TEST_HOST = "$(BUNDLE_LOADER)";
				WRAPPER_EXTENSION = xctest;
			};
			name = Debug;
		};
		27C80BBA18618339002C3553 /* Release */ = {
			isa = XCBuildConfiguration;
			buildSettings = {
				ARCHS = "$(ARCHS_STANDARD_INCLUDING_64_BIT)";
				BUNDLE_LOADER = "$(BUILT_PRODUCTS_DIR)/GesturesTest.app/GesturesTest";
				FRAMEWORK_SEARCH_PATHS = (
					"$(SDKROOT)/Developer/Library/Frameworks",
					"$(inherited)",
					"$(DEVELOPER_FRAMEWORKS_DIR)",
				);
				GCC_PRECOMPILE_PREFIX_HEADER = YES;
				GCC_PREFIX_HEADER = "GesturesTest/GesturesTest-Prefix.pch";
				INFOPLIST_FILE = "GesturesTestTests/GesturesTestTests-Info.plist";
				PRODUCT_NAME = "$(TARGET_NAME)";
				TEST_HOST = "$(BUNDLE_LOADER)";
				WRAPPER_EXTENSION = xctest;
			};
			name = Release;
		};
/* End XCBuildConfiguration section */

/* Begin XCConfigurationList section */
		27C80B7E18618339002C3553 /* Build configuration list for PBXProject "GesturesTest" */ = {
			isa = XCConfigurationList;
			buildConfigurations = (
				27C80BB318618339002C3553 /* Debug */,
				27C80BB418618339002C3553 /* Release */,
			);
			defaultConfigurationIsVisible = 0;
			defaultConfigurationName = Release;
		};
		27C80BB518618339002C3553 /* Build configuration list for PBXNativeTarget "GesturesTest" */ = {
			isa = XCConfigurationList;
			buildConfigurations = (
				27C80BB618618339002C3553 /* Debug */,
				27C80BB718618339002C3553 /* Release */,
			);
			defaultConfigurationIsVisible = 0;
		};
		27C80BB818618339002C3553 /* Build configuration list for PBXNativeTarget "GesturesTestTests" */ = {
			isa = XCConfigurationList;
			buildConfigurations = (
				27C80BB918618339002C3553 /* Debug */,
				27C80BBA18618339002C3553 /* Release */,
			);
			defaultConfigurationIsVisible = 0;
		};
/* End XCConfigurationList section */
	};
	rootObject = 27C80B7B18618339002C3553 /* Project object */;
}
