// !$*UTF8*$!
{
	archiveVersion = 1;
	classes = {
	};
	objectVersion = 46;
	objects = {

/* Begin PBXBuildFile section */
		27C80ABD186174F8002C3553 /* Foundation.framework in Frameworks */ = {isa = PBXBuildFile; fileRef = 27C80ABC186174F8002C3553 /* Foundation.framework */; settings = {ATTRIBUTES = (Required, ); }; };
		27C80ABF186174F8002C3553 /* CoreGraphics.framework in Frameworks */ = {isa = PBXBuildFile; fileRef = 27C80ABE186174F8002C3553 /* CoreGraphics.framework */; };
		27C80AC1186174F8002C3553 /* UIKit.framework in Frameworks */ = {isa = PBXBuildFile; fileRef = 27C80AC0186174F8002C3553 /* UIKit.framework */; };
		27C80AC7186174F8002C3553 /* InfoPlist.strings in Resources */ = {isa = PBXBuildFile; fileRef = 27C80AC5186174F8002C3553 /* InfoPlist.strings */; };
		27C80AC9186174F8002C3553 /* main.m in Sources */ = {isa = PBXBuildFile; fileRef = 27C80AC8186174F8002C3553 /* main.m */; };
		27C80ACD186174F8002C3553 /* AppDelegate.m in Sources */ = {isa = PBXBuildFile; fileRef = 27C80ACC186174F8002C3553 /* AppDelegate.m */; };
		27C80AD0186174F8002C3553 /* Main.storyboard in Resources */ = {isa = PBXBuildFile; fileRef = 27C80ACE186174F8002C3553 /* Main.storyboard */; };
		27C80AD3186174F8002C3553 /* ViewController.m in Sources */ = {isa = PBXBuildFile; fileRef = 27C80AD2186174F8002C3553 /* ViewController.m */; };
		27C80AD5186174F8002C3553 /* Images.xcassets in Resources */ = {isa = PBXBuildFile; fileRef = 27C80AD4186174F8002C3553 /* Images.xcassets */; };
		27C80ADC186174F8002C3553 /* XCTest.framework in Frameworks */ = {isa = PBXBuildFile; fileRef = 27C80ADB186174F8002C3553 /* XCTest.framework */; };
		27C80ADD186174F8002C3553 /* Foundation.framework in Frameworks */ = {isa = PBXBuildFile; fileRef = 27C80ABC186174F8002C3553 /* Foundation.framework */; };
		27C80ADE186174F8002C3553 /* UIKit.framework in Frameworks */ = {isa = PBXBuildFile; fileRef = 27C80AC0186174F8002C3553 /* UIKit.framework */; };
		27C80AE6186174F8002C3553 /* InfoPlist.strings in Resources */ = {isa = PBXBuildFile; fileRef = 27C80AE4186174F8002C3553 /* InfoPlist.strings */; };
		27C80AE8186174F8002C3553 /* MapsTestTests.m in Sources */ = {isa = PBXBuildFile; fileRef = 27C80AE7186174F8002C3553 /* MapsTestTests.m */; };
		27C80AF218617534002C3553 /* CoreLocation.framework in Frameworks */ = {isa = PBXBuildFile; fileRef = 27C80AF118617534002C3553 /* CoreLocation.framework */; };
		27C80AF418617AA2002C3553 /* MapKit.framework in Frameworks */ = {isa = PBXBuildFile; fileRef = 27C80AF318617AA2002C3553 /* MapKit.framework */; };
/* End PBXBuildFile section */

/* Begin PBXContainerItemProxy section */
		27C80ADF186174F8002C3553 /* PBXContainerItemProxy */ = {
			isa = PBXContainerItemProxy;
			containerPortal = 27C80AB1186174F8002C3553 /* Project object */;
			proxyType = 1;
			remoteGlobalIDString = 27C80AB8186174F8002C3553;
			remoteInfo = MapsTest;
		};
/* End PBXContainerItemProxy section */

/* Begin PBXFileReference section */
		27C80AB9186174F8002C3553 /* MapsTest.app */ = {isa = PBXFileReference; explicitFileType = wrapper.application; includeInIndex = 0; path = MapsTest.app; sourceTree = BUILT_PRODUCTS_DIR; };
		27C80ABC186174F8002C3553 /* Foundation.framework */ = {isa = PBXFileReference; lastKnownFileType = wrapper.framework; name = Foundation.framework; path = System/Library/Frameworks/Foundation.framework; sourceTree = SDKROOT; };
		27C80ABE186174F8002C3553 /* CoreGraphics.framework */ = {isa = PBXFileReference; lastKnownFileType = wrapper.framework; name = CoreGraphics.framework; path = System/Library/Frameworks/CoreGraphics.framework; sourceTree = SDKROOT; };
		27C80AC0186174F8002C3553 /* UIKit.framework */ = {isa = PBXFileReference; lastKnownFileType = wrapper.framework; name = UIKit.framework; path = System/Library/Frameworks/UIKit.framework; sourceTree = SDKROOT; };
		27C80AC4186174F8002C3553 /* MapsTest-Info.plist */ = {isa = PBXFileReference; lastKnownFileType = text.plist.xml; path = "MapsTest-Info.plist"; sourceTree = "<group>"; };
		27C80AC6186174F8002C3553 /* en */ = {isa = PBXFileReference; lastKnownFileType = text.plist.strings; name = en; path = en.lproj/InfoPlist.strings; sourceTree = "<group>"; };
		27C80AC8186174F8002C3553 /* main.m */ = {isa = PBXFileReference; lastKnownFileType = sourcecode.c.objc; path = main.m; sourceTree = "<group>"; };
		27C80ACA186174F8002C3553 /* MapsTest-Prefix.pch */ = {isa = PBXFileReference; lastKnownFileType = sourcecode.c.h; path = "MapsTest-Prefix.pch"; sourceTree = "<group>"; };
		27C80ACB186174F8002C3553 /* AppDelegate.h */ = {isa = PBXFileReference; lastKnownFileType = sourcecode.c.h; path = AppDelegate.h; sourceTree = "<group>"; };
		27C80ACC186174F8002C3553 /* AppDelegate.m */ = {isa = PBXFileReference; lastKnownFileType = sourcecode.c.objc; path = AppDelegate.m; sourceTree = "<group>"; };
		27C80ACF186174F8002C3553 /* Base */ = {isa = PBXFileReference; lastKnownFileType = file.storyboard; name = Base; path = Base.lproj/Main.storyboard; sourceTree = "<group>"; };
		27C80AD1186174F8002C3553 /* ViewController.h */ = {isa = PBXFileReference; lastKnownFileType = sourcecode.c.h; path = ViewController.h; sourceTree = "<group>"; };
		27C80AD2186174F8002C3553 /* ViewController.m */ = {isa = PBXFileReference; lastKnownFileType = sourcecode.c.objc; path = ViewController.m; sourceTree = "<group>"; };
		27C80AD4186174F8002C3553 /* Images.xcassets */ = {isa = PBXFileReference; lastKnownFileType = folder.assetcatalog; path = Images.xcassets; sourceTree = "<group>"; };
		27C80ADA186174F8002C3553 /* MapsTestTests.xctest */ = {isa = PBXFileReference; explicitFileType = wrapper.cfbundle; includeInIndex = 0; path = MapsTestTests.xctest; sourceTree = BUILT_PRODUCTS_DIR; };
		27C80ADB186174F8002C3553 /* XCTest.framework */ = {isa = PBXFileReference; lastKnownFileType = wrapper.framework; name = XCTest.framework; path = Library/Frameworks/XCTest.framework; sourceTree = DEVELOPER_DIR; };
		27C80AE3186174F8002C3553 /* MapsTestTests-Info.plist */ = {isa = PBXFileReference; lastKnownFileType = text.plist.xml; path = "MapsTestTests-Info.plist"; sourceTree = "<group>"; };
		27C80AE5186174F8002C3553 /* en */ = {isa = PBXFileReference; lastKnownFileType = text.plist.strings; name = en; path = en.lproj/InfoPlist.strings; sourceTree = "<group>"; };
		27C80AE7186174F8002C3553 /* MapsTestTests.m */ = {isa = PBXFileReference; lastKnownFileType = sourcecode.c.objc; path = MapsTestTests.m; sourceTree = "<group>"; };
		27C80AF118617534002C3553 /* CoreLocation.framework */ = {isa = PBXFileReference; lastKnownFileType = wrapper.framework; name = CoreLocation.framework; path = System/Library/Frameworks/CoreLocation.framework; sourceTree = SDKROOT; };
		27C80AF318617AA2002C3553 /* MapKit.framework */ = {isa = PBXFileReference; lastKnownFileType = wrapper.framework; name = MapKit.framework; path = System/Library/Frameworks/MapKit.framework; sourceTree = SDKROOT; };
/* End PBXFileReference section */

/* Begin PBXFrameworksBuildPhase section */
		27C80AB6186174F8002C3553 /* Frameworks */ = {
			isa = PBXFrameworksBuildPhase;
			buildActionMask = 2147483647;
			files = (
				27C80AF418617AA2002C3553 /* MapKit.framework in Frameworks */,
				27C80AF218617534002C3553 /* CoreLocation.framework in Frameworks */,
				27C80ABF186174F8002C3553 /* CoreGraphics.framework in Frameworks */,
				27C80AC1186174F8002C3553 /* UIKit.framework in Frameworks */,
				27C80ABD186174F8002C3553 /* Foundation.framework in Frameworks */,
			);
			runOnlyForDeploymentPostprocessing = 0;
		};
		27C80AD7186174F8002C3553 /* Frameworks */ = {
			isa = PBXFrameworksBuildPhase;
			buildActionMask = 2147483647;
			files = (
				27C80ADC186174F8002C3553 /* XCTest.framework in Frameworks */,
				27C80ADE186174F8002C3553 /* UIKit.framework in Frameworks */,
				27C80ADD186174F8002C3553 /* Foundation.framework in Frameworks */,
			);
			runOnlyForDeploymentPostprocessing = 0;
		};
/* End PBXFrameworksBuildPhase section */

/* Begin PBXGroup section */
		27C80AB0186174F8002C3553 = {
			isa = PBXGroup;
			children = (
				27C80AC2186174F8002C3553 /* MapsTest */,
				27C80AE1186174F8002C3553 /* MapsTestTests */,
				27C80ABB186174F8002C3553 /* Frameworks */,
				27C80ABA186174F8002C3553 /* Products */,
			);
			sourceTree = "<group>";
		};
		27C80ABA186174F8002C3553 /* Products */ = {
			isa = PBXGroup;
			children = (
				27C80AB9186174F8002C3553 /* MapsTest.app */,
				27C80ADA186174F8002C3553 /* MapsTestTests.xctest */,
			);
			name = Products;
			sourceTree = "<group>";
		};
		27C80ABB186174F8002C3553 /* Frameworks */ = {
			isa = PBXGroup;
			children = (
				27C80AF318617AA2002C3553 /* MapKit.framework */,
				27C80AF118617534002C3553 /* CoreLocation.framework */,
				27C80ABC186174F8002C3553 /* Foundation.framework */,
				27C80ABE186174F8002C3553 /* CoreGraphics.framework */,
				27C80AC0186174F8002C3553 /* UIKit.framework */,
				27C80ADB186174F8002C3553 /* XCTest.framework */,
			);
			name = Frameworks;
			sourceTree = "<group>";
		};
		27C80AC2186174F8002C3553 /* MapsTest */ = {
			isa = PBXGroup;
			children = (
				27C80ACB186174F8002C3553 /* AppDelegate.h */,
				27C80ACC186174F8002C3553 /* AppDelegate.m */,
				27C80ACE186174F8002C3553 /* Main.storyboard */,
				27C80AD1186174F8002C3553 /* ViewController.h */,
				27C80AD2186174F8002C3553 /* ViewController.m */,
				27C80AD4186174F8002C3553 /* Images.xcassets */,
				27C80AC3186174F8002C3553 /* Supporting Files */,
			);
			path = MapsTest;
			sourceTree = "<group>";
		};
		27C80AC3186174F8002C3553 /* Supporting Files */ = {
			isa = PBXGroup;
			children = (
				27C80AC4186174F8002C3553 /* MapsTest-Info.plist */,
				27C80AC5186174F8002C3553 /* InfoPlist.strings */,
				27C80AC8186174F8002C3553 /* main.m */,
				27C80ACA186174F8002C3553 /* MapsTest-Prefix.pch */,
			);
			name = "Supporting Files";
			sourceTree = "<group>";
		};
		27C80AE1186174F8002C3553 /* MapsTestTests */ = {
			isa = PBXGroup;
			children = (
				27C80AE7186174F8002C3553 /* MapsTestTests.m */,
				27C80AE2186174F8002C3553 /* Supporting Files */,
			);
			path = MapsTestTests;
			sourceTree = "<group>";
		};
		27C80AE2186174F8002C3553 /* Supporting Files */ = {
			isa = PBXGroup;
			children = (
				27C80AE3186174F8002C3553 /* MapsTestTests-Info.plist */,
				27C80AE4186174F8002C3553 /* InfoPlist.strings */,
			);
			name = "Supporting Files";
			sourceTree = "<group>";
		};
/* End PBXGroup section */

/* Begin PBXNativeTarget section */
		27C80AB8186174F8002C3553 /* MapsTest */ = {
			isa = PBXNativeTarget;
			buildConfigurationList = 27C80AEB186174F8002C3553 /* Build configuration list for PBXNativeTarget "MapsTest" */;
			buildPhases = (
				27C80AB5186174F8002C3553 /* Sources */,
				27C80AB6186174F8002C3553 /* Frameworks */,
				27C80AB7186174F8002C3553 /* Resources */,
			);
			buildRules = (
			);
			dependencies = (
			);
			name = MapsTest;
			productName = MapsTest;
			productReference = 27C80AB9186174F8002C3553 /* MapsTest.app */;
			productType = "com.apple.product-type.application";
		};
		27C80AD9186174F8002C3553 /* MapsTestTests */ = {
			isa = PBXNativeTarget;
			buildConfigurationList = 27C80AEE186174F8002C3553 /* Build configuration list for PBXNativeTarget "MapsTestTests" */;
			buildPhases = (
				27C80AD6186174F8002C3553 /* Sources */,
				27C80AD7186174F8002C3553 /* Frameworks */,
				27C80AD8186174F8002C3553 /* Resources */,
			);
			buildRules = (
			);
			dependencies = (
				27C80AE0186174F8002C3553 /* PBXTargetDependency */,
			);
			name = MapsTestTests;
			productName = MapsTestTests;
			productReference = 27C80ADA186174F8002C3553 /* MapsTestTests.xctest */;
			productType = "com.apple.product-type.bundle.unit-test";
		};
/* End PBXNativeTarget section */

/* Begin PBXProject section */
		27C80AB1186174F8002C3553 /* Project object */ = {
			isa = PBXProject;
			attributes = {
				LastUpgradeCheck = 0500;
				ORGANIZATIONNAME = "Vishnu Prem";
				TargetAttributes = {
					27C80AD9186174F8002C3553 = {
						TestTargetID = 27C80AB8186174F8002C3553;
					};
				};
			};
			buildConfigurationList = 27C80AB4186174F8002C3553 /* Build configuration list for PBXProject "MapsTest" */;
			compatibilityVersion = "Xcode 3.2";
			developmentRegion = English;
			hasScannedForEncodings = 0;
			knownRegions = (
				en,
				Base,
			);
			mainGroup = 27C80AB0186174F8002C3553;
			productRefGroup = 27C80ABA186174F8002C3553 /* Products */;
			projectDirPath = "";
			projectRoot = "";
			targets = (
				27C80AB8186174F8002C3553 /* MapsTest */,
				27C80AD9186174F8002C3553 /* MapsTestTests */,
			);
		};
/* End PBXProject section */

/* Begin PBXResourcesBuildPhase section */
		27C80AB7186174F8002C3553 /* Resources */ = {
			isa = PBXResourcesBuildPhase;
			buildActionMask = 2147483647;
			files = (
				27C80AD5186174F8002C3553 /* Images.xcassets in Resources */,
				27C80AC7186174F8002C3553 /* InfoPlist.strings in Resources */,
				27C80AD0186174F8002C3553 /* Main.storyboard in Resources */,
			);
			runOnlyForDeploymentPostprocessing = 0;
		};
		27C80AD8186174F8002C3553 /* Resources */ = {
			isa = PBXResourcesBuildPhase;
			buildActionMask = 2147483647;
			files = (
				27C80AE6186174F8002C3553 /* InfoPlist.strings in Resources */,
			);
			runOnlyForDeploymentPostprocessing = 0;
		};
/* End PBXResourcesBuildPhase section */

/* Begin PBXSourcesBuildPhase section */
		27C80AB5186174F8002C3553 /* Sources */ = {
			isa = PBXSourcesBuildPhase;
			buildActionMask = 2147483647;
			files = (
				27C80AD3186174F8002C3553 /* ViewController.m in Sources */,
				27C80ACD186174F8002C3553 /* AppDelegate.m in Sources */,
				27C80AC9186174F8002C3553 /* main.m in Sources */,
			);
			runOnlyForDeploymentPostprocessing = 0;
		};
		27C80AD6186174F8002C3553 /* Sources */ = {
			isa = PBXSourcesBuildPhase;
			buildActionMask = 2147483647;
			files = (
				27C80AE8186174F8002C3553 /* MapsTestTests.m in Sources */,
			);
			runOnlyForDeploymentPostprocessing = 0;
		};
/* End PBXSourcesBuildPhase section */

/* Begin PBXTargetDependency section */
		27C80AE0186174F8002C3553 /* PBXTargetDependency */ = {
			isa = PBXTargetDependency;
			target = 27C80AB8186174F8002C3553 /* MapsTest */;
			targetProxy = 27C80ADF186174F8002C3553 /* PBXContainerItemProxy */;
		};
/* End PBXTargetDependency section */

/* Begin PBXVariantGroup section */
		27C80AC5186174F8002C3553 /* InfoPlist.strings */ = {
			isa = PBXVariantGroup;
			children = (
				27C80AC6186174F8002C3553 /* en */,
			);
			name = InfoPlist.strings;
			sourceTree = "<group>";
		};
		27C80ACE186174F8002C3553 /* Main.storyboard */ = {
			isa = PBXVariantGroup;
			children = (
				27C80ACF186174F8002C3553 /* Base */,
			);
			name = Main.storyboard;
			sourceTree = "<group>";
		};
		27C80AE4186174F8002C3553 /* InfoPlist.strings */ = {
			isa = PBXVariantGroup;
			children = (
				27C80AE5186174F8002C3553 /* en */,
			);
			name = InfoPlist.strings;
			sourceTree = "<group>";
		};
/* End PBXVariantGroup section */

/* Begin XCBuildConfiguration section */
		27C80AE9186174F8002C3553 /* Debug */ = {
			isa = XCBuildConfiguration;
			buildSettings = {
				ALWAYS_SEARCH_USER_PATHS = NO;
				ARCHS = "$(ARCHS_STANDARD_INCLUDING_64_BIT)";
				CLANG_CXX_LANGUAGE_STANDARD = "gnu++0x";
				CLANG_CXX_LIBRARY = "libc++";
				CLANG_ENABLE_MODULES = YES;
				CLANG_ENABLE_OBJC_ARC = YES;
				CLANG_WARN_BOOL_CONVERSION = YES;
				CLANG_WARN_CONSTANT_CONVERSION = YES;
				CLANG_WARN_DIRECT_OBJC_ISA_USAGE = YES_ERROR;
				CLANG_WARN_EMPTY_BODY = YES;
				CLANG_WARN_ENUM_CONVERSION = YES;
				CLANG_WARN_INT_CONVERSION = YES;
				CLANG_WARN_OBJC_ROOT_CLASS = YES_ERROR;
				CLANG_WARN__DUPLICATE_METHOD_MATCH = YES;
				"CODE_SIGN_IDENTITY[sdk=iphoneos*]" = "iPhone Developer";
				COPY_PHASE_STRIP = NO;
				GCC_C_LANGUAGE_STANDARD = gnu99;
				GCC_DYNAMIC_NO_PIC = NO;
				GCC_OPTIMIZATION_LEVEL = 0;
				GCC_PREPROCESSOR_DEFINITIONS = (
					"DEBUG=1",
					"$(inherited)",
				);
				GCC_SYMBOLS_PRIVATE_EXTERN = NO;
				GCC_WARN_64_TO_32_BIT_CONVERSION = YES;
				GCC_WARN_ABOUT_RETURN_TYPE = YES_ERROR;
				GCC_WARN_UNDECLARED_SELECTOR = YES;
				GCC_WARN_UNINITIALIZED_AUTOS = YES;
				GCC_WARN_UNUSED_FUNCTION = YES;
				GCC_WARN_UNUSED_VARIABLE = YES;
				IPHONEOS_DEPLOYMENT_TARGET = 7.0;
				ONLY_ACTIVE_ARCH = YES;
				SDKROOT = iphoneos;
			};
			name = Debug;
		};
		27C80AEA186174F8002C3553 /* Release */ = {
			isa = XCBuildConfiguration;
			buildSettings = {
				ALWAYS_SEARCH_USER_PATHS = NO;
				ARCHS = "$(ARCHS_STANDARD_INCLUDING_64_BIT)";
				CLANG_CXX_LANGUAGE_STANDARD = "gnu++0x";
				CLANG_CXX_LIBRARY = "libc++";
				CLANG_ENABLE_MODULES = YES;
				CLANG_ENABLE_OBJC_ARC = YES;
				CLANG_WARN_BOOL_CONVERSION = YES;
				CLANG_WARN_CONSTANT_CONVERSION = YES;
				CLANG_WARN_DIRECT_OBJC_ISA_USAGE = YES_ERROR;
				CLANG_WARN_EMPTY_BODY = YES;
				CLANG_WARN_ENUM_CONVERSION = YES;
				CLANG_WARN_INT_CONVERSION = YES;
				CLANG_WARN_OBJC_ROOT_CLASS = YES_ERROR;
				CLANG_WARN__DUPLICATE_METHOD_MATCH = YES;
				"CODE_SIGN_IDENTITY[sdk=iphoneos*]" = "iPhone Developer";
				COPY_PHASE_STRIP = YES;
				ENABLE_NS_ASSERTIONS = NO;
				GCC_C_LANGUAGE_STANDARD = gnu99;
				GCC_WARN_64_TO_32_BIT_CONVERSION = YES;
				GCC_WARN_ABOUT_RETURN_TYPE = YES_ERROR;
				GCC_WARN_UNDECLARED_SELECTOR = YES;
				GCC_WARN_UNINITIALIZED_AUTOS = YES;
				GCC_WARN_UNUSED_FUNCTION = YES;
				GCC_WARN_UNUSED_VARIABLE = YES;
				IPHONEOS_DEPLOYMENT_TARGET = 7.0;
				SDKROOT = iphoneos;
				VALIDATE_PRODUCT = YES;
			};
			name = Release;
		};
		27C80AEC186174F8002C3553 /* Debug */ = {
			isa = XCBuildConfiguration;
			buildSettings = {
				ASSETCATALOG_COMPILER_APPICON_NAME = AppIcon;
				ASSETCATALOG_COMPILER_LAUNCHIMAGE_NAME = LaunchImage;
				GCC_PRECOMPILE_PREFIX_HEADER = YES;
				GCC_PREFIX_HEADER = "MapsTest/MapsTest-Prefix.pch";
				INFOPLIST_FILE = "MapsTest/MapsTest-Info.plist";
				PRODUCT_NAME = "$(TARGET_NAME)";
				WRAPPER_EXTENSION = app;
			};
			name = Debug;
		};
		27C80AED186174F8002C3553 /* Release */ = {
			isa = XCBuildConfiguration;
			buildSettings = {
				ASSETCATALOG_COMPILER_APPICON_NAME = AppIcon;
				ASSETCATALOG_COMPILER_LAUNCHIMAGE_NAME = LaunchImage;
				GCC_PRECOMPILE_PREFIX_HEADER = YES;
				GCC_PREFIX_HEADER = "MapsTest/MapsTest-Prefix.pch";
				INFOPLIST_FILE = "MapsTest/MapsTest-Info.plist";
				PRODUCT_NAME = "$(TARGET_NAME)";
				WRAPPER_EXTENSION = app;
			};
			name = Release;
		};
		27C80AEF186174F8002C3553 /* Debug */ = {
			isa = XCBuildConfiguration;
			buildSettings = {
				ARCHS = "$(ARCHS_STANDARD_INCLUDING_64_BIT)";
				BUNDLE_LOADER = "$(BUILT_PRODUCTS_DIR)/MapsTest.app/MapsTest";
				FRAMEWORK_SEARCH_PATHS = (
					"$(SDKROOT)/Developer/Library/Frameworks",
					"$(inherited)",
					"$(DEVELOPER_FRAMEWORKS_DIR)",
				);
				GCC_PRECOMPILE_PREFIX_HEADER = YES;
				GCC_PREFIX_HEADER = "MapsTest/MapsTest-Prefix.pch";
				GCC_PREPROCESSOR_DEFINITIONS = (
					"DEBUG=1",
					"$(inherited)",
				);
				INFOPLIST_FILE = "MapsTestTests/MapsTestTests-Info.plist";
				PRODUCT_NAME = "$(TARGET_NAME)";
				TEST_HOST = "$(BUNDLE_LOADER)";
				WRAPPER_EXTENSION = xctest;
			};
			name = Debug;
		};
		27C80AF0186174F8002C3553 /* Release */ = {
			isa = XCBuildConfiguration;
			buildSettings = {
				ARCHS = "$(ARCHS_STANDARD_INCLUDING_64_BIT)";
				BUNDLE_LOADER = "$(BUILT_PRODUCTS_DIR)/MapsTest.app/MapsTest";
				FRAMEWORK_SEARCH_PATHS = (
					"$(SDKROOT)/Developer/Library/Frameworks",
					"$(inherited)",
					"$(DEVELOPER_FRAMEWORKS_DIR)",
				);
				GCC_PRECOMPILE_PREFIX_HEADER = YES;
				GCC_PREFIX_HEADER = "MapsTest/MapsTest-Prefix.pch";
				INFOPLIST_FILE = "MapsTestTests/MapsTestTests-Info.plist";
				PRODUCT_NAME = "$(TARGET_NAME)";
				TEST_HOST = "$(BUNDLE_LOADER)";
				WRAPPER_EXTENSION = xctest;
			};
			name = Release;
		};
/* End XCBuildConfiguration section */

/* Begin XCConfigurationList section */
		27C80AB4186174F8002C3553 /* Build configuration list for PBXProject "MapsTest" */ = {
			isa = XCConfigurationList;
			buildConfigurations = (
				27C80AE9186174F8002C3553 /* Debug */,
				27C80AEA186174F8002C3553 /* Release */,
			);
			defaultConfigurationIsVisible = 0;
			defaultConfigurationName = Release;
		};
		27C80AEB186174F8002C3553 /* Build configuration list for PBXNativeTarget "MapsTest" */ = {
			isa = XCConfigurationList;
			buildConfigurations = (
				27C80AEC186174F8002C3553 /* Debug */,
				27C80AED186174F8002C3553 /* Release */,
			);
			defaultConfigurationIsVisible = 0;
		};
		27C80AEE186174F8002C3553 /* Build configuration list for PBXNativeTarget "MapsTestTests" */ = {
			isa = XCConfigurationList;
			buildConfigurations = (
				27C80AEF186174F8002C3553 /* Debug */,
				27C80AF0186174F8002C3553 /* Release */,
			);
			defaultConfigurationIsVisible = 0;
		};
/* End XCConfigurationList section */
	};
	rootObject = 27C80AB1186174F8002C3553 /* Project object */;
}
