// !$*UTF8*$!
{
	archiveVersion = 1;
	classes = {
	};
	objectVersion = 46;
	objects = {

/* Begin PBXBuildFile section */
		27F3F6B3186140270088C3EC /* Foundation.framework in Frameworks */ = {isa = PBXBuildFile; fileRef = 27F3F6B2186140260088C3EC /* Foundation.framework */; };
		27F3F6B5186140270088C3EC /* CoreGraphics.framework in Frameworks */ = {isa = PBXBuildFile; fileRef = 27F3F6B4186140270088C3EC /* CoreGraphics.framework */; };
		27F3F6B7186140270088C3EC /* UIKit.framework in Frameworks */ = {isa = PBXBuildFile; fileRef = 27F3F6B6186140270088C3EC /* UIKit.framework */; };
		27F3F6BD186140270088C3EC /* InfoPlist.strings in Resources */ = {isa = PBXBuildFile; fileRef = 27F3F6BB186140270088C3EC /* InfoPlist.strings */; };
		27F3F6BF186140270088C3EC /* main.m in Sources */ = {isa = PBXBuildFile; fileRef = 27F3F6BE186140270088C3EC /* main.m */; };
		27F3F6C3186140270088C3EC /* AppDelegate.m in Sources */ = {isa = PBXBuildFile; fileRef = 27F3F6C2186140270088C3EC /* AppDelegate.m */; };
		27F3F6C5186140270088C3EC /* Images.xcassets in Resources */ = {isa = PBXBuildFile; fileRef = 27F3F6C4186140270088C3EC /* Images.xcassets */; };
		27F3F6CC186140270088C3EC /* XCTest.framework in Frameworks */ = {isa = PBXBuildFile; fileRef = 27F3F6CB186140270088C3EC /* XCTest.framework */; };
		27F3F6CD186140270088C3EC /* Foundation.framework in Frameworks */ = {isa = PBXBuildFile; fileRef = 27F3F6B2186140260088C3EC /* Foundation.framework */; };
		27F3F6CE186140270088C3EC /* UIKit.framework in Frameworks */ = {isa = PBXBuildFile; fileRef = 27F3F6B6186140270088C3EC /* UIKit.framework */; };
		27F3F6D6186140270088C3EC /* InfoPlist.strings in Resources */ = {isa = PBXBuildFile; fileRef = 27F3F6D4186140270088C3EC /* InfoPlist.strings */; };
		27F3F6D8186140270088C3EC /* FacebookTestTests.m in Sources */ = {isa = PBXBuildFile; fileRef = 27F3F6D7186140270088C3EC /* FacebookTestTests.m */; };
		27F3F6E4186140550088C3EC /* ViewController.m in Sources */ = {isa = PBXBuildFile; fileRef = 27F3F6E2186140550088C3EC /* ViewController.m */; };
		27F3F6E5186140550088C3EC /* ViewController.xib in Resources */ = {isa = PBXBuildFile; fileRef = 27F3F6E3186140550088C3EC /* ViewController.xib */; };
		27F3F6E918614E0F0088C3EC /* WebViewViewController.m in Sources */ = {isa = PBXBuildFile; fileRef = 27F3F6E718614E0F0088C3EC /* WebViewViewController.m */; };
		27F3F6EA18614E0F0088C3EC /* WebViewViewController.xib in Resources */ = {isa = PBXBuildFile; fileRef = 27F3F6E818614E0F0088C3EC /* WebViewViewController.xib */; };
/* End PBXBuildFile section */

/* Begin PBXContainerItemProxy section */
		27F3F6CF186140270088C3EC /* PBXContainerItemProxy */ = {
			isa = PBXContainerItemProxy;
			containerPortal = 27F3F6A7186140260088C3EC /* Project object */;
			proxyType = 1;
			remoteGlobalIDString = 27F3F6AE186140260088C3EC;
			remoteInfo = FacebookTest;
		};
/* End PBXContainerItemProxy section */

/* Begin PBXFileReference section */
		27F3F6AF186140260088C3EC /* FacebookTest.app */ = {isa = PBXFileReference; explicitFileType = wrapper.application; includeInIndex = 0; path = FacebookTest.app; sourceTree = BUILT_PRODUCTS_DIR; };
		27F3F6B2186140260088C3EC /* Foundation.framework */ = {isa = PBXFileReference; lastKnownFileType = wrapper.framework; name = Foundation.framework; path = System/Library/Frameworks/Foundation.framework; sourceTree = SDKROOT; };
		27F3F6B4186140270088C3EC /* CoreGraphics.framework */ = {isa = PBXFileReference; lastKnownFileType = wrapper.framework; name = CoreGraphics.framework; path = System/Library/Frameworks/CoreGraphics.framework; sourceTree = SDKROOT; };
		27F3F6B6186140270088C3EC /* UIKit.framework */ = {isa = PBXFileReference; lastKnownFileType = wrapper.framework; name = UIKit.framework; path = System/Library/Frameworks/UIKit.framework; sourceTree = SDKROOT; };
		27F3F6BA186140270088C3EC /* FacebookTest-Info.plist */ = {isa = PBXFileReference; lastKnownFileType = text.plist.xml; path = "FacebookTest-Info.plist"; sourceTree = "<group>"; };
		27F3F6BC186140270088C3EC /* en */ = {isa = PBXFileReference; lastKnownFileType = text.plist.strings; name = en; path = en.lproj/InfoPlist.strings; sourceTree = "<group>"; };
		27F3F6BE186140270088C3EC /* main.m */ = {isa = PBXFileReference; lastKnownFileType = sourcecode.c.objc; path = main.m; sourceTree = "<group>"; };
		27F3F6C0186140270088C3EC /* FacebookTest-Prefix.pch */ = {isa = PBXFileReference; lastKnownFileType = sourcecode.c.h; path = "FacebookTest-Prefix.pch"; sourceTree = "<group>"; };
		27F3F6C1186140270088C3EC /* AppDelegate.h */ = {isa = PBXFileReference; lastKnownFileType = sourcecode.c.h; path = AppDelegate.h; sourceTree = "<group>"; };
		27F3F6C2186140270088C3EC /* AppDelegate.m */ = {isa = PBXFileReference; lastKnownFileType = sourcecode.c.objc; path = AppDelegate.m; sourceTree = "<group>"; };
		27F3F6C4186140270088C3EC /* Images.xcassets */ = {isa = PBXFileReference; lastKnownFileType = folder.assetcatalog; path = Images.xcassets; sourceTree = "<group>"; };
		27F3F6CA186140270088C3EC /* FacebookTestTests.xctest */ = {isa = PBXFileReference; explicitFileType = wrapper.cfbundle; includeInIndex = 0; path = FacebookTestTests.xctest; sourceTree = BUILT_PRODUCTS_DIR; };
		27F3F6CB186140270088C3EC /* XCTest.framework */ = {isa = PBXFileReference; lastKnownFileType = wrapper.framework; name = XCTest.framework; path = Library/Frameworks/XCTest.framework; sourceTree = DEVELOPER_DIR; };
		27F3F6D3186140270088C3EC /* FacebookTestTests-Info.plist */ = {isa = PBXFileReference; lastKnownFileType = text.plist.xml; path = "FacebookTestTests-Info.plist"; sourceTree = "<group>"; };
		27F3F6D5186140270088C3EC /* en */ = {isa = PBXFileReference; lastKnownFileType = text.plist.strings; name = en; path = en.lproj/InfoPlist.strings; sourceTree = "<group>"; };
		27F3F6D7186140270088C3EC /* FacebookTestTests.m */ = {isa = PBXFileReference; lastKnownFileType = sourcecode.c.objc; path = FacebookTestTests.m; sourceTree = "<group>"; };
		27F3F6E1186140550088C3EC /* ViewController.h */ = {isa = PBXFileReference; fileEncoding = 4; lastKnownFileType = sourcecode.c.h; path = ViewController.h; sourceTree = "<group>"; };
		27F3F6E2186140550088C3EC /* ViewController.m */ = {isa = PBXFileReference; fileEncoding = 4; lastKnownFileType = sourcecode.c.objc; path = ViewController.m; sourceTree = "<group>"; };
		27F3F6E3186140550088C3EC /* ViewController.xib */ = {isa = PBXFileReference; fileEncoding = 4; lastKnownFileType = file.xib; path = ViewController.xib; sourceTree = "<group>"; };
		27F3F6E618614E0F0088C3EC /* WebViewViewController.h */ = {isa = PBXFileReference; fileEncoding = 4; lastKnownFileType = sourcecode.c.h; path = WebViewViewController.h; sourceTree = "<group>"; };
		27F3F6E718614E0F0088C3EC /* WebViewViewController.m */ = {isa = PBXFileReference; fileEncoding = 4; lastKnownFileType = sourcecode.c.objc; path = WebViewViewController.m; sourceTree = "<group>"; };
		27F3F6E818614E0F0088C3EC /* WebViewViewController.xib */ = {isa = PBXFileReference; fileEncoding = 4; lastKnownFileType = file.xib; path = WebViewViewController.xib; sourceTree = "<group>"; };
/* End PBXFileReference section */

/* Begin PBXFrameworksBuildPhase section */
		27F3F6AC186140260088C3EC /* Frameworks */ = {
			isa = PBXFrameworksBuildPhase;
			buildActionMask = 2147483647;
			files = (
				27F3F6B5186140270088C3EC /* CoreGraphics.framework in Frameworks */,
				27F3F6B7186140270088C3EC /* UIKit.framework in Frameworks */,
				27F3F6B3186140270088C3EC /* Foundation.framework in Frameworks */,
			);
			runOnlyForDeploymentPostprocessing = 0;
		};
		27F3F6C7186140270088C3EC /* Frameworks */ = {
			isa = PBXFrameworksBuildPhase;
			buildActionMask = 2147483647;
			files = (
				27F3F6CC186140270088C3EC /* XCTest.framework in Frameworks */,
				27F3F6CE186140270088C3EC /* UIKit.framework in Frameworks */,
				27F3F6CD186140270088C3EC /* Foundation.framework in Frameworks */,
			);
			runOnlyForDeploymentPostprocessing = 0;
		};
/* End PBXFrameworksBuildPhase section */

/* Begin PBXGroup section */
		27F3F6A6186140260088C3EC = {
			isa = PBXGroup;
			children = (
				27F3F6B8186140270088C3EC /* FacebookTest */,
				27F3F6D1186140270088C3EC /* FacebookTestTests */,
				27F3F6B1186140260088C3EC /* Frameworks */,
				27F3F6B0186140260088C3EC /* Products */,
			);
			sourceTree = "<group>";
		};
		27F3F6B0186140260088C3EC /* Products */ = {
			isa = PBXGroup;
			children = (
				27F3F6AF186140260088C3EC /* FacebookTest.app */,
				27F3F6CA186140270088C3EC /* FacebookTestTests.xctest */,
			);
			name = Products;
			sourceTree = "<group>";
		};
		27F3F6B1186140260088C3EC /* Frameworks */ = {
			isa = PBXGroup;
			children = (
				27F3F6B2186140260088C3EC /* Foundation.framework */,
				27F3F6B4186140270088C3EC /* CoreGraphics.framework */,
				27F3F6B6186140270088C3EC /* UIKit.framework */,
				27F3F6CB186140270088C3EC /* XCTest.framework */,
			);
			name = Frameworks;
			sourceTree = "<group>";
		};
		27F3F6B8186140270088C3EC /* FacebookTest */ = {
			isa = PBXGroup;
			children = (
				27F3F6C1186140270088C3EC /* AppDelegate.h */,
				27F3F6C2186140270088C3EC /* AppDelegate.m */,
				27F3F6E618614E0F0088C3EC /* WebViewViewController.h */,
				27F3F6E718614E0F0088C3EC /* WebViewViewController.m */,
				27F3F6E818614E0F0088C3EC /* WebViewViewController.xib */,
				27F3F6E1186140550088C3EC /* ViewController.h */,
				27F3F6E2186140550088C3EC /* ViewController.m */,
				27F3F6E3186140550088C3EC /* ViewController.xib */,
				27F3F6C4186140270088C3EC /* Images.xcassets */,
				27F3F6B9186140270088C3EC /* Supporting Files */,
			);
			path = FacebookTest;
			sourceTree = "<group>";
		};
		27F3F6B9186140270088C3EC /* Supporting Files */ = {
			isa = PBXGroup;
			children = (
				27F3F6BA186140270088C3EC /* FacebookTest-Info.plist */,
				27F3F6BB186140270088C3EC /* InfoPlist.strings */,
				27F3F6BE186140270088C3EC /* main.m */,
				27F3F6C0186140270088C3EC /* FacebookTest-Prefix.pch */,
			);
			name = "Supporting Files";
			sourceTree = "<group>";
		};
		27F3F6D1186140270088C3EC /* FacebookTestTests */ = {
			isa = PBXGroup;
			children = (
				27F3F6D7186140270088C3EC /* FacebookTestTests.m */,
				27F3F6D2186140270088C3EC /* Supporting Files */,
			);
			path = FacebookTestTests;
			sourceTree = "<group>";
		};
		27F3F6D2186140270088C3EC /* Supporting Files */ = {
			isa = PBXGroup;
			children = (
				27F3F6D3186140270088C3EC /* FacebookTestTests-Info.plist */,
				27F3F6D4186140270088C3EC /* InfoPlist.strings */,
			);
			name = "Supporting Files";
			sourceTree = "<group>";
		};
/* End PBXGroup section */

/* Begin PBXNativeTarget section */
		27F3F6AE186140260088C3EC /* FacebookTest */ = {
			isa = PBXNativeTarget;
			buildConfigurationList = 27F3F6DB186140270088C3EC /* Build configuration list for PBXNativeTarget "FacebookTest" */;
			buildPhases = (
				27F3F6AB186140260088C3EC /* Sources */,
				27F3F6AC186140260088C3EC /* Frameworks */,
				27F3F6AD186140260088C3EC /* Resources */,
			);
			buildRules = (
			);
			dependencies = (
			);
			name = FacebookTest;
			productName = FacebookTest;
			productReference = 27F3F6AF186140260088C3EC /* FacebookTest.app */;
			productType = "com.apple.product-type.application";
		};
		27F3F6C9186140270088C3EC /* FacebookTestTests */ = {
			isa = PBXNativeTarget;
			buildConfigurationList = 27F3F6DE186140270088C3EC /* Build configuration list for PBXNativeTarget "FacebookTestTests" */;
			buildPhases = (
				27F3F6C6186140270088C3EC /* Sources */,
				27F3F6C7186140270088C3EC /* Frameworks */,
				27F3F6C8186140270088C3EC /* Resources */,
			);
			buildRules = (
			);
			dependencies = (
				27F3F6D0186140270088C3EC /* PBXTargetDependency */,
			);
			name = FacebookTestTests;
			productName = FacebookTestTests;
			productReference = 27F3F6CA186140270088C3EC /* FacebookTestTests.xctest */;
			productType = "com.apple.product-type.bundle.unit-test";
		};
/* End PBXNativeTarget section */

/* Begin PBXProject section */
		27F3F6A7186140260088C3EC /* Project object */ = {
			isa = PBXProject;
			attributes = {
				LastUpgradeCheck = 0500;
				ORGANIZATIONNAME = "Vishnu Prem";
				TargetAttributes = {
					27F3F6C9186140270088C3EC = {
						TestTargetID = 27F3F6AE186140260088C3EC;
					};
				};
			};
			buildConfigurationList = 27F3F6AA186140260088C3EC /* Build configuration list for PBXProject "FacebookTest" */;
			compatibilityVersion = "Xcode 3.2";
			developmentRegion = English;
			hasScannedForEncodings = 0;
			knownRegions = (
				en,
			);
			mainGroup = 27F3F6A6186140260088C3EC;
			productRefGroup = 27F3F6B0186140260088C3EC /* Products */;
			projectDirPath = "";
			projectRoot = "";
			targets = (
				27F3F6AE186140260088C3EC /* FacebookTest */,
				27F3F6C9186140270088C3EC /* FacebookTestTests */,
			);
		};
/* End PBXProject section */

/* Begin PBXResourcesBuildPhase section */
		27F3F6AD186140260088C3EC /* Resources */ = {
			isa = PBXResourcesBuildPhase;
			buildActionMask = 2147483647;
			files = (
				27F3F6BD186140270088C3EC /* InfoPlist.strings in Resources */,
				27F3F6E5186140550088C3EC /* ViewController.xib in Resources */,
				27F3F6EA18614E0F0088C3EC /* WebViewViewController.xib in Resources */,
				27F3F6C5186140270088C3EC /* Images.xcassets in Resources */,
			);
			runOnlyForDeploymentPostprocessing = 0;
		};
		27F3F6C8186140270088C3EC /* Resources */ = {
			isa = PBXResourcesBuildPhase;
			buildActionMask = 2147483647;
			files = (
				27F3F6D6186140270088C3EC /* InfoPlist.strings in Resources */,
			);
			runOnlyForDeploymentPostprocessing = 0;
		};
/* End PBXResourcesBuildPhase section */

/* Begin PBXSourcesBuildPhase section */
		27F3F6AB186140260088C3EC /* Sources */ = {
			isa = PBXSourcesBuildPhase;
			buildActionMask = 2147483647;
			files = (
				27F3F6E4186140550088C3EC /* ViewController.m in Sources */,
				27F3F6C3186140270088C3EC /* AppDelegate.m in Sources */,
				27F3F6E918614E0F0088C3EC /* WebViewViewController.m in Sources */,
				27F3F6BF186140270088C3EC /* main.m in Sources */,
			);
			runOnlyForDeploymentPostprocessing = 0;
		};
		27F3F6C6186140270088C3EC /* Sources */ = {
			isa = PBXSourcesBuildPhase;
			buildActionMask = 2147483647;
			files = (
				27F3F6D8186140270088C3EC /* FacebookTestTests.m in Sources */,
			);
			runOnlyForDeploymentPostprocessing = 0;
		};
/* End PBXSourcesBuildPhase section */

/* Begin PBXTargetDependency section */
		27F3F6D0186140270088C3EC /* PBXTargetDependency */ = {
			isa = PBXTargetDependency;
			target = 27F3F6AE186140260088C3EC /* FacebookTest */;
			targetProxy = 27F3F6CF186140270088C3EC /* PBXContainerItemProxy */;
		};
/* End PBXTargetDependency section */

/* Begin PBXVariantGroup section */
		27F3F6BB186140270088C3EC /* InfoPlist.strings */ = {
			isa = PBXVariantGroup;
			children = (
				27F3F6BC186140270088C3EC /* en */,
			);
			name = InfoPlist.strings;
			sourceTree = "<group>";
		};
		27F3F6D4186140270088C3EC /* InfoPlist.strings */ = {
			isa = PBXVariantGroup;
			children = (
				27F3F6D5186140270088C3EC /* en */,
			);
			name = InfoPlist.strings;
			sourceTree = "<group>";
		};
/* End PBXVariantGroup section */

/* Begin XCBuildConfiguration section */
		27F3F6D9186140270088C3EC /* Debug */ = {
			isa = XCBuildConfiguration;
			buildSettings = {
				ALWAYS_SEARCH_USER_PATHS = NO;
				ARCHS = "$(ARCHS_STANDARD_INCLUDING_64_BIT)";
				CLANG_CXX_LANGUAGE_STANDARD = "gnu++0x";
				CLANG_CXX_LIBRARY = "libc++";
				CLANG_ENABLE_MODULES = YES;
				CLANG_ENABLE_OBJC_ARC = YES;
				CLANG_WARN_BOOL_CONVERSION = YES;
				CLANG_WARN_CONSTANT_CONVERSION = YES;
				CLANG_WARN_DIRECT_OBJC_ISA_USAGE = YES_ERROR;
				CLANG_WARN_EMPTY_BODY = YES;
				CLANG_WARN_ENUM_CONVERSION = YES;
				CLANG_WARN_INT_CONVERSION = YES;
				CLANG_WARN_OBJC_ROOT_CLASS = YES_ERROR;
				CLANG_WARN__DUPLICATE_METHOD_MATCH = YES;
				"CODE_SIGN_IDENTITY[sdk=iphoneos*]" = "iPhone Developer";
				COPY_PHASE_STRIP = NO;
				GCC_C_LANGUAGE_STANDARD = gnu99;
				GCC_DYNAMIC_NO_PIC = NO;
				GCC_OPTIMIZATION_LEVEL = 0;
				GCC_PREPROCESSOR_DEFINITIONS = (
					"DEBUG=1",
					"$(inherited)",
				);
				GCC_SYMBOLS_PRIVATE_EXTERN = NO;
				GCC_WARN_64_TO_32_BIT_CONVERSION = YES;
				GCC_WARN_ABOUT_RETURN_TYPE = YES_ERROR;
				GCC_WARN_UNDECLARED_SELECTOR = YES;
				GCC_WARN_UNINITIALIZED_AUTOS = YES;
				GCC_WARN_UNUSED_FUNCTION = YES;
				GCC_WARN_UNUSED_VARIABLE = YES;
				IPHONEOS_DEPLOYMENT_TARGET = 7.0;
				ONLY_ACTIVE_ARCH = YES;
				SDKROOT = iphoneos;
			};
			name = Debug;
		};
		27F3F6DA186140270088C3EC /* Release */ = {
			isa = XCBuildConfiguration;
			buildSettings = {
				ALWAYS_SEARCH_USER_PATHS = NO;
				ARCHS = "$(ARCHS_STANDARD_INCLUDING_64_BIT)";
				CLANG_CXX_LANGUAGE_STANDARD = "gnu++0x";
				CLANG_CXX_LIBRARY = "libc++";
				CLANG_ENABLE_MODULES = YES;
				CLANG_ENABLE_OBJC_ARC = YES;
				CLANG_WARN_BOOL_CONVERSION = YES;
				CLANG_WARN_CONSTANT_CONVERSION = YES;
				CLANG_WARN_DIRECT_OBJC_ISA_USAGE = YES_ERROR;
				CLANG_WARN_EMPTY_BODY = YES;
				CLANG_WARN_ENUM_CONVERSION = YES;
				CLANG_WARN_INT_CONVERSION = YES;
				CLANG_WARN_OBJC_ROOT_CLASS = YES_ERROR;
				CLANG_WARN__DUPLICATE_METHOD_MATCH = YES;
				"CODE_SIGN_IDENTITY[sdk=iphoneos*]" = "iPhone Developer";
				COPY_PHASE_STRIP = YES;
				ENABLE_NS_ASSERTIONS = NO;
				GCC_C_LANGUAGE_STANDARD = gnu99;
				GCC_WARN_64_TO_32_BIT_CONVERSION = YES;
				GCC_WARN_ABOUT_RETURN_TYPE = YES_ERROR;
				GCC_WARN_UNDECLARED_SELECTOR = YES;
				GCC_WARN_UNINITIALIZED_AUTOS = YES;
				GCC_WARN_UNUSED_FUNCTION = YES;
				GCC_WARN_UNUSED_VARIABLE = YES;
				IPHONEOS_DEPLOYMENT_TARGET = 7.0;
				SDKROOT = iphoneos;
				VALIDATE_PRODUCT = YES;
			};
			name = Release;
		};
		27F3F6DC186140270088C3EC /* Debug */ = {
			isa = XCBuildConfiguration;
			buildSettings = {
				ASSETCATALOG_COMPILER_APPICON_NAME = AppIcon;
				ASSETCATALOG_COMPILER_LAUNCHIMAGE_NAME = LaunchImage;
				GCC_PRECOMPILE_PREFIX_HEADER = YES;
				GCC_PREFIX_HEADER = "FacebookTest/FacebookTest-Prefix.pch";
				INFOPLIST_FILE = "FacebookTest/FacebookTest-Info.plist";
				PRODUCT_NAME = "$(TARGET_NAME)";
				WRAPPER_EXTENSION = app;
			};
			name = Debug;
		};
		27F3F6DD186140270088C3EC /* Release */ = {
			isa = XCBuildConfiguration;
			buildSettings = {
				ASSETCATALOG_COMPILER_APPICON_NAME = AppIcon;
				ASSETCATALOG_COMPILER_LAUNCHIMAGE_NAME = LaunchImage;
				GCC_PRECOMPILE_PREFIX_HEADER = YES;
				GCC_PREFIX_HEADER = "FacebookTest/FacebookTest-Prefix.pch";
				INFOPLIST_FILE = "FacebookTest/FacebookTest-Info.plist";
				PRODUCT_NAME = "$(TARGET_NAME)";
				WRAPPER_EXTENSION = app;
			};
			name = Release;
		};
		27F3F6DF186140270088C3EC /* Debug */ = {
			isa = XCBuildConfiguration;
			buildSettings = {
				ARCHS = "$(ARCHS_STANDARD_INCLUDING_64_BIT)";
				BUNDLE_LOADER = "$(BUILT_PRODUCTS_DIR)/FacebookTest.app/FacebookTest";
				FRAMEWORK_SEARCH_PATHS = (
					"$(SDKROOT)/Developer/Library/Frameworks",
					"$(inherited)",
					"$(DEVELOPER_FRAMEWORKS_DIR)",
				);
				GCC_PRECOMPILE_PREFIX_HEADER = YES;
				GCC_PREFIX_HEADER = "FacebookTest/FacebookTest-Prefix.pch";
				GCC_PREPROCESSOR_DEFINITIONS = (
					"DEBUG=1",
					"$(inherited)",
				);
				INFOPLIST_FILE = "FacebookTestTests/FacebookTestTests-Info.plist";
				PRODUCT_NAME = "$(TARGET_NAME)";
				TEST_HOST = "$(BUNDLE_LOADER)";
				WRAPPER_EXTENSION = xctest;
			};
			name = Debug;
		};
		27F3F6E0186140270088C3EC /* Release */ = {
			isa = XCBuildConfiguration;
			buildSettings = {
				ARCHS = "$(ARCHS_STANDARD_INCLUDING_64_BIT)";
				BUNDLE_LOADER = "$(BUILT_PRODUCTS_DIR)/FacebookTest.app/FacebookTest";
				FRAMEWORK_SEARCH_PATHS = (
					"$(SDKROOT)/Developer/Library/Frameworks",
					"$(inherited)",
					"$(DEVELOPER_FRAMEWORKS_DIR)",
				);
				GCC_PRECOMPILE_PREFIX_HEADER = YES;
				GCC_PREFIX_HEADER = "FacebookTest/FacebookTest-Prefix.pch";
				INFOPLIST_FILE = "FacebookTestTests/FacebookTestTests-Info.plist";
				PRODUCT_NAME = "$(TARGET_NAME)";
				TEST_HOST = "$(BUNDLE_LOADER)";
				WRAPPER_EXTENSION = xctest;
			};
			name = Release;
		};
/* End XCBuildConfiguration section */

/* Begin XCConfigurationList section */
		27F3F6AA186140260088C3EC /* Build configuration list for PBXProject "FacebookTest" */ = {
			isa = XCConfigurationList;
			buildConfigurations = (
				27F3F6D9186140270088C3EC /* Debug */,
				27F3F6DA186140270088C3EC /* Release */,
			);
			defaultConfigurationIsVisible = 0;
			defaultConfigurationName = Release;
		};
		27F3F6DB186140270088C3EC /* Build configuration list for PBXNativeTarget "FacebookTest" */ = {
			isa = XCConfigurationList;
			buildConfigurations = (
				27F3F6DC186140270088C3EC /* Debug */,
				27F3F6DD186140270088C3EC /* Release */,
			);
			defaultConfigurationIsVisible = 0;
		};
		27F3F6DE186140270088C3EC /* Build configuration list for PBXNativeTarget "FacebookTestTests" */ = {
			isa = XCConfigurationList;
			buildConfigurations = (
				27F3F6DF186140270088C3EC /* Debug */,
				27F3F6E0186140270088C3EC /* Release */,
			);
			defaultConfigurationIsVisible = 0;
		};
/* End XCConfigurationList section */
	};
	rootObject = 27F3F6A7186140260088C3EC /* Project object */;
}
